// !$*UTF8*$!
{
	archiveVersion = 1;
	classes = {
	};
	objectVersion = 46;
	objects = {

/* Begin PBXBuildFile section */
		CD1AF3B11919C5CA002A0093 /* FoodOrderVC.m in Sources */ = {isa = PBXBuildFile; fileRef = CD1AF3AF1919C5CA002A0093 /* FoodOrderVC.m */; };
		CD1AF3B21919C5CA002A0093 /* FoodOrderVC.xib in Resources */ = {isa = PBXBuildFile; fileRef = CD1AF3B01919C5CA002A0093 /* FoodOrderVC.xib */; };
		CD1AF40A1919DA6B002A0093 /* WSOrderService.m in Sources */ = {isa = PBXBuildFile; fileRef = CD1AF4091919DA6B002A0093 /* WSOrderService.m */; };
		CD1AF40D1919E3E0002A0093 /* WSUserService.m in Sources */ = {isa = PBXBuildFile; fileRef = CD1AF40C1919E3E0002A0093 /* WSUserService.m */; };
		CD1AF410191A1B09002A0093 /* TabBar.m in Sources */ = {isa = PBXBuildFile; fileRef = CD1AF40F191A1B09002A0093 /* TabBar.m */; };
		CD1AF412191A1B23002A0093 /* TabBar.xib in Resources */ = {isa = PBXBuildFile; fileRef = CD1AF411191A1B23002A0093 /* TabBar.xib */; };
		CD1AF416191A28A3002A0093 /* FoodOrder.m in Sources */ = {isa = PBXBuildFile; fileRef = CD1AF415191A28A3002A0093 /* FoodOrder.m */; };
		CD2C6BE218F6C92A0004ABD5 /* SOAPClient.m in Sources */ = {isa = PBXBuildFile; fileRef = CD2C6BE118F6C92A0004ABD5 /* SOAPClient.m */; };
		CD35AEA118FAA0DC002E1882 /* WSGroupService.m in Sources */ = {isa = PBXBuildFile; fileRef = CD35AEA018FAA0DC002E1882 /* WSGroupService.m */; };
		CD3D9BB919187B7400DDF332 /* MKAnnotationView+WebCache.m in Sources */ = {isa = PBXBuildFile; fileRef = CD3D9B9D19187B7400DDF332 /* MKAnnotationView+WebCache.m */; };
		CD3D9BBA19187B7400DDF332 /* NSData+ImageContentType.m in Sources */ = {isa = PBXBuildFile; fileRef = CD3D9B9F19187B7400DDF332 /* NSData+ImageContentType.m */; };
		CD3D9BBB19187B7400DDF332 /* SDImageCache.m in Sources */ = {isa = PBXBuildFile; fileRef = CD3D9BA119187B7400DDF332 /* SDImageCache.m */; };
		CD3D9BBC19187B7400DDF332 /* SDWebImageCompat.m in Sources */ = {isa = PBXBuildFile; fileRef = CD3D9BA319187B7400DDF332 /* SDWebImageCompat.m */; };
		CD3D9BBD19187B7400DDF332 /* SDWebImageDecoder.m in Sources */ = {isa = PBXBuildFile; fileRef = CD3D9BA519187B7400DDF332 /* SDWebImageDecoder.m */; };
		CD3D9BBE19187B7400DDF332 /* SDWebImageDownloader.m in Sources */ = {isa = PBXBuildFile; fileRef = CD3D9BA719187B7400DDF332 /* SDWebImageDownloader.m */; };
		CD3D9BBF19187B7400DDF332 /* SDWebImageDownloaderOperation.m in Sources */ = {isa = PBXBuildFile; fileRef = CD3D9BA919187B7400DDF332 /* SDWebImageDownloaderOperation.m */; };
		CD3D9BC019187B7400DDF332 /* SDWebImageManager.m in Sources */ = {isa = PBXBuildFile; fileRef = CD3D9BAB19187B7400DDF332 /* SDWebImageManager.m */; };
		CD3D9BC119187B7400DDF332 /* SDWebImagePrefetcher.m in Sources */ = {isa = PBXBuildFile; fileRef = CD3D9BAE19187B7400DDF332 /* SDWebImagePrefetcher.m */; };
		CD3D9BC219187B7400DDF332 /* UIButton+WebCache.m in Sources */ = {isa = PBXBuildFile; fileRef = CD3D9BB019187B7400DDF332 /* UIButton+WebCache.m */; };
		CD3D9BC319187B7400DDF332 /* UIImage+GIF.m in Sources */ = {isa = PBXBuildFile; fileRef = CD3D9BB219187B7400DDF332 /* UIImage+GIF.m */; };
		CD3D9BC419187B7400DDF332 /* UIImage+MultiFormat.m in Sources */ = {isa = PBXBuildFile; fileRef = CD3D9BB419187B7400DDF332 /* UIImage+MultiFormat.m */; };
		CD3D9BC519187B7400DDF332 /* UIImage+WebP.m in Sources */ = {isa = PBXBuildFile; fileRef = CD3D9BB619187B7400DDF332 /* UIImage+WebP.m */; };
		CD3D9BC619187B7400DDF332 /* UIImageView+WebCache.m in Sources */ = {isa = PBXBuildFile; fileRef = CD3D9BB819187B7400DDF332 /* UIImageView+WebCache.m */; };
		CD3D9BCA19187B8400DDF332 /* EDStarRating.m in Sources */ = {isa = PBXBuildFile; fileRef = CD3D9BC919187B8400DDF332 /* EDStarRating.m */; };
		CD3D9BCE19187FEC00DDF332 /* FoodCell.xib in Resources */ = {isa = PBXBuildFile; fileRef = CD3D9BCB19187FEC00DDF332 /* FoodCell.xib */; };
		CD3D9BCF19187FEC00DDF332 /* FoodCell.m in Sources */ = {isa = PBXBuildFile; fileRef = CD3D9BCC19187FEC00DDF332 /* FoodCell.m */; };
		CD4550B01911311900224E77 /* LHLocationManager.m in Sources */ = {isa = PBXBuildFile; fileRef = CD4550AF1911311900224E77 /* LHLocationManager.m */; };
		CD4550B2191131BC00224E77 /* CoreLocation.framework in Frameworks */ = {isa = PBXBuildFile; fileRef = CD4550B1191131BC00224E77 /* CoreLocation.framework */; };
		CD71790F18FE15AD00B0F400 /* UserLoginVC.m in Sources */ = {isa = PBXBuildFile; fileRef = CD71790D18FE15AD00B0F400 /* UserLoginVC.m */; };
		CD71791018FE15AD00B0F400 /* UserLoginVC.xib in Resources */ = {isa = PBXBuildFile; fileRef = CD71790E18FE15AD00B0F400 /* UserLoginVC.xib */; };
		CD71791418FE15CA00B0F400 /* UserRegisterVC.m in Sources */ = {isa = PBXBuildFile; fileRef = CD71791218FE15CA00B0F400 /* UserRegisterVC.m */; };
		CD71791518FE15CA00B0F400 /* UserRegisterVC.xib in Resources */ = {isa = PBXBuildFile; fileRef = CD71791318FE15CA00B0F400 /* UserRegisterVC.xib */; };
		CD71791918FE168800B0F400 /* UserCenterVC.m in Sources */ = {isa = PBXBuildFile; fileRef = CD71791718FE168800B0F400 /* UserCenterVC.m */; };
		CD71791A18FE168800B0F400 /* UserCenterVC.xib in Resources */ = {isa = PBXBuildFile; fileRef = CD71791818FE168800B0F400 /* UserCenterVC.xib */; };
		CD71791E18FE16AF00B0F400 /* UserResetPasswordVC.m in Sources */ = {isa = PBXBuildFile; fileRef = CD71791C18FE16AF00B0F400 /* UserResetPasswordVC.m */; };
		CD71791F18FE16AF00B0F400 /* UserResetPasswordVC.xib in Resources */ = {isa = PBXBuildFile; fileRef = CD71791D18FE16AF00B0F400 /* UserResetPasswordVC.xib */; };
		CD944E3119147BD200BAE409 /* FoodShop.m in Sources */ = {isa = PBXBuildFile; fileRef = CD944E3019147BD200BAE409 /* FoodShop.m */; };
		CD944E3419147F0400BAE409 /* Product.m in Sources */ = {isa = PBXBuildFile; fileRef = CD944E3319147F0400BAE409 /* Product.m */; };
		CD944E371914810E00BAE409 /* ProductDetail.m in Sources */ = {isa = PBXBuildFile; fileRef = CD944E361914810E00BAE409 /* ProductDetail.m */; };
		CD944E3A1914839900BAE409 /* ProductTemplate.m in Sources */ = {isa = PBXBuildFile; fileRef = CD944E391914839900BAE409 /* ProductTemplate.m */; };
		CD944E3D1914842100BAE409 /* ProductStyle.m in Sources */ = {isa = PBXBuildFile; fileRef = CD944E3C1914842100BAE409 /* ProductStyle.m */; };
		CD9C14AC18F7CC6F0043B738 /* FoodShopsListVC.m in Sources */ = {isa = PBXBuildFile; fileRef = CD9C14AA18F7CC6F0043B738 /* FoodShopsListVC.m */; };
		CD9C14AD18F7CC6F0043B738 /* FoodShopsListVC.xib in Resources */ = {isa = PBXBuildFile; fileRef = CD9C14AB18F7CC6F0043B738 /* FoodShopsListVC.xib */; };
		CD9F21FF18F43F6C009C25C4 /* BaseVC.m in Sources */ = {isa = PBXBuildFile; fileRef = CD9F21FE18F43F6C009C25C4 /* BaseVC.m */; };
		CD9F220318F43F81009C25C4 /* HomeVC.m in Sources */ = {isa = PBXBuildFile; fileRef = CD9F220118F43F81009C25C4 /* HomeVC.m */; };
		CD9F220418F43F81009C25C4 /* HomeVC.xib in Resources */ = {isa = PBXBuildFile; fileRef = CD9F220218F43F81009C25C4 /* HomeVC.xib */; };
		CD9F220A18F44609009C25C4 /* MUser.m in Sources */ = {isa = PBXBuildFile; fileRef = CD9F220918F44609009C25C4 /* MUser.m */; };
		CD9F220D18F44626009C25C4 /* MWSResponse.m in Sources */ = {isa = PBXBuildFile; fileRef = CD9F220C18F44626009C25C4 /* MWSResponse.m */; };
		CD9F365F190003A800762332 /* TPKeyboardAvoidingCollectionView.m in Sources */ = {isa = PBXBuildFile; fileRef = CD9F3658190003A800762332 /* TPKeyboardAvoidingCollectionView.m */; };
		CD9F3660190003A800762332 /* TPKeyboardAvoidingScrollView.m in Sources */ = {isa = PBXBuildFile; fileRef = CD9F365A190003A800762332 /* TPKeyboardAvoidingScrollView.m */; };
		CD9F3661190003A800762332 /* TPKeyboardAvoidingTableView.m in Sources */ = {isa = PBXBuildFile; fileRef = CD9F365C190003A800762332 /* TPKeyboardAvoidingTableView.m */; };
		CD9F3662190003A800762332 /* UIScrollView+TPKeyboardAvoidingAdditions.m in Sources */ = {isa = PBXBuildFile; fileRef = CD9F365E190003A800762332 /* UIScrollView+TPKeyboardAvoidingAdditions.m */; };
		CDA0909C1909004100361ECC /* Reveal.framework in Frameworks */ = {isa = PBXBuildFile; fileRef = CDA0909B1909004100361ECC /* Reveal.framework */; };
		CDA154941911C8E500DF0733 /* WSServiceItemService.m in Sources */ = {isa = PBXBuildFile; fileRef = CDA154931911C8E500DF0733 /* WSServiceItemService.m */; };
		CDAD9B25190A462800086996 /* UIColor+RGB.m in Sources */ = {isa = PBXBuildFile; fileRef = CDAD9B24190A462800086996 /* UIColor+RGB.m */; };
		CDB021B818ED9F30003B5A10 /* Foundation.framework in Frameworks */ = {isa = PBXBuildFile; fileRef = CDB021B718ED9F30003B5A10 /* Foundation.framework */; };
		CDB021BA18ED9F30003B5A10 /* CoreGraphics.framework in Frameworks */ = {isa = PBXBuildFile; fileRef = CDB021B918ED9F30003B5A10 /* CoreGraphics.framework */; };
		CDB021BC18ED9F30003B5A10 /* UIKit.framework in Frameworks */ = {isa = PBXBuildFile; fileRef = CDB021BB18ED9F30003B5A10 /* UIKit.framework */; };
		CDB021C218ED9F30003B5A10 /* InfoPlist.strings in Resources */ = {isa = PBXBuildFile; fileRef = CDB021C018ED9F30003B5A10 /* InfoPlist.strings */; };
		CDB021C418ED9F30003B5A10 /* main.m in Sources */ = {isa = PBXBuildFile; fileRef = CDB021C318ED9F30003B5A10 /* main.m */; };
		CDB021C818ED9F30003B5A10 /* AppDelegate.m in Sources */ = {isa = PBXBuildFile; fileRef = CDB021C718ED9F30003B5A10 /* AppDelegate.m */; };
		CDB021D018ED9F30003B5A10 /* Images.xcassets in Resources */ = {isa = PBXBuildFile; fileRef = CDB021CF18ED9F30003B5A10 /* Images.xcassets */; };
		CDB021D718ED9F30003B5A10 /* XCTest.framework in Frameworks */ = {isa = PBXBuildFile; fileRef = CDB021D618ED9F30003B5A10 /* XCTest.framework */; };
		CDB021D818ED9F30003B5A10 /* Foundation.framework in Frameworks */ = {isa = PBXBuildFile; fileRef = CDB021B718ED9F30003B5A10 /* Foundation.framework */; };
		CDB021D918ED9F30003B5A10 /* UIKit.framework in Frameworks */ = {isa = PBXBuildFile; fileRef = CDB021BB18ED9F30003B5A10 /* UIKit.framework */; };
		CDB021E118ED9F30003B5A10 /* InfoPlist.strings in Resources */ = {isa = PBXBuildFile; fileRef = CDB021DF18ED9F30003B5A10 /* InfoPlist.strings */; };
		CDB021E318ED9F30003B5A10 /* ZHGTests.m in Sources */ = {isa = PBXBuildFile; fileRef = CDB021E218ED9F30003B5A10 /* ZHGTests.m */; };
		CDB331CF1911DF3F009CCF5B /* FoodDetailVC.m in Sources */ = {isa = PBXBuildFile; fileRef = CDB331CD1911DF3F009CCF5B /* FoodDetailVC.m */; };
		CDB331D01911DF3F009CCF5B /* FoodDetailVC.xib in Resources */ = {isa = PBXBuildFile; fileRef = CDB331CE1911DF3F009CCF5B /* FoodDetailVC.xib */; };
		CDB3E9D41900C35000663C03 /* SegmentedControl.m in Sources */ = {isa = PBXBuildFile; fileRef = CDB3E9D31900C35000663C03 /* SegmentedControl.m */; };
		CDC4DF2E18FE2FF90025615A /* AlertView.m in Sources */ = {isa = PBXBuildFile; fileRef = CDC4DF2D18FE2FF90025615A /* AlertView.m */; };
		CDC4DF3418FE69410025615A /* MBProgressHUD.m in Sources */ = {isa = PBXBuildFile; fileRef = CDC4DF3318FE69410025615A /* MBProgressHUD.m */; };
		CDC4DF3818FE69DB0025615A /* HUD.m in Sources */ = {isa = PBXBuildFile; fileRef = CDC4DF3718FE69DB0025615A /* HUD.m */; };
		CDD6FE7A190F6AD600BDF78A /* FoodShopDetailVC.m in Sources */ = {isa = PBXBuildFile; fileRef = CDD6FE78190F6AD600BDF78A /* FoodShopDetailVC.m */; };
		CDD6FE7B190F6AD600BDF78A /* FoodShopDetailVC.xib in Resources */ = {isa = PBXBuildFile; fileRef = CDD6FE79190F6AD600BDF78A /* FoodShopDetailVC.xib */; };
		CDD6FE80190F716F00BDF78A /* ad0.jpg in Resources */ = {isa = PBXBuildFile; fileRef = CDD6FE7C190F716F00BDF78A /* ad0.jpg */; };
		CDD6FE81190F716F00BDF78A /* ad1.jpg in Resources */ = {isa = PBXBuildFile; fileRef = CDD6FE7D190F716F00BDF78A /* ad1.jpg */; };
		CDD6FE82190F716F00BDF78A /* ad2.jpg in Resources */ = {isa = PBXBuildFile; fileRef = CDD6FE7E190F716F00BDF78A /* ad2.jpg */; };
		CDD6FE83190F716F00BDF78A /* ad3.jpg in Resources */ = {isa = PBXBuildFile; fileRef = CDD6FE7F190F716F00BDF78A /* ad3.jpg */; };
		CDD6FE86190F953C00BDF78A /* UIScrollView+ContentSize.m in Sources */ = {isa = PBXBuildFile; fileRef = CDD6FE85190F953C00BDF78A /* UIScrollView+ContentSize.m */; };
		CDD6FE8A190F9C0500BDF78A /* SalesPromotionCell.m in Sources */ = {isa = PBXBuildFile; fileRef = CDD6FE88190F9C0500BDF78A /* SalesPromotionCell.m */; };
		CDD6FE8B190F9C0500BDF78A /* SalesPromotionCell.xib in Resources */ = {isa = PBXBuildFile; fileRef = CDD6FE89190F9C0500BDF78A /* SalesPromotionCell.xib */; };
		CDD6FE8D190F9F6500BDF78A /* cell_icon.jpg in Resources */ = {isa = PBXBuildFile; fileRef = CDD6FE8C190F9F6500BDF78A /* cell_icon.jpg */; };
		CDD6FE8F190F9FAA00BDF78A /* cell_icon2.jpg in Resources */ = {isa = PBXBuildFile; fileRef = CDD6FE8E190F9FAA00BDF78A /* cell_icon2.jpg */; };
		CDDBB3AF1918C501002E6C67 /* UIScrollView+SVInfiniteScrolling.m in Sources */ = {isa = PBXBuildFile; fileRef = CDDBB3AC1918C501002E6C67 /* UIScrollView+SVInfiniteScrolling.m */; };
		CDDBB3B01918C501002E6C67 /* UIScrollView+SVPullToRefresh.m in Sources */ = {isa = PBXBuildFile; fileRef = CDDBB3AE1918C501002E6C67 /* UIScrollView+SVPullToRefresh.m */; };
		CDDBB3B31918CE23002E6C67 /* UIView+ContentSize.m in Sources */ = {isa = PBXBuildFile; fileRef = CDDBB3B21918CE23002E6C67 /* UIView+ContentSize.m */; };
		CDE5F80618F3E28B00335B45 /* SystemConfiguration.framework in Frameworks */ = {isa = PBXBuildFile; fileRef = CDE5F80518F3E28B00335B45 /* SystemConfiguration.framework */; };
		CDE5F82318F3E4B200335B45 /* JSONModel+CoreData.m in Sources */ = {isa = PBXBuildFile; fileRef = CDE5F80A18F3E4B200335B45 /* JSONModel+CoreData.m */; };
		CDE5F82418F3E4B200335B45 /* JSONModel.m in Sources */ = {isa = PBXBuildFile; fileRef = CDE5F80C18F3E4B200335B45 /* JSONModel.m */; };
		CDE5F82518F3E4B200335B45 /* JSONModelArray.m in Sources */ = {isa = PBXBuildFile; fileRef = CDE5F80E18F3E4B200335B45 /* JSONModelArray.m */; };
		CDE5F82618F3E4B200335B45 /* JSONModelClassProperty.m in Sources */ = {isa = PBXBuildFile; fileRef = CDE5F81018F3E4B200335B45 /* JSONModelClassProperty.m */; };
		CDE5F82718F3E4B200335B45 /* JSONModelError.m in Sources */ = {isa = PBXBuildFile; fileRef = CDE5F81218F3E4B200335B45 /* JSONModelError.m */; };
		CDE5F82818F3E4B200335B45 /* NSArray+JSONModel.m in Sources */ = {isa = PBXBuildFile; fileRef = CDE5F81518F3E4B200335B45 /* NSArray+JSONModel.m */; };
		CDE5F82918F3E4B200335B45 /* JSONAPI.m in Sources */ = {isa = PBXBuildFile; fileRef = CDE5F81918F3E4B200335B45 /* JSONAPI.m */; };
		CDE5F82A18F3E4B200335B45 /* JSONHTTPClient.m in Sources */ = {isa = PBXBuildFile; fileRef = CDE5F81B18F3E4B200335B45 /* JSONHTTPClient.m */; };
		CDE5F82B18F3E4B200335B45 /* JSONModel+networking.m in Sources */ = {isa = PBXBuildFile; fileRef = CDE5F81D18F3E4B200335B45 /* JSONModel+networking.m */; };
		CDE5F82C18F3E4B200335B45 /* JSONKeyMapper.m in Sources */ = {isa = PBXBuildFile; fileRef = CDE5F82018F3E4B200335B45 /* JSONKeyMapper.m */; };
		CDE5F82D18F3E4B200335B45 /* JSONValueTransformer.m in Sources */ = {isa = PBXBuildFile; fileRef = CDE5F82218F3E4B200335B45 /* JSONValueTransformer.m */; };
		CDECA6B1190E96A6001A5B3A /* ServiceClassService.m in Sources */ = {isa = PBXBuildFile; fileRef = CDECA6B0190E96A6001A5B3A /* ServiceClassService.m */; };
		CDED974D18FBB2F800E74A0B /* FoodShopsCell.m in Sources */ = {isa = PBXBuildFile; fileRef = CDED974B18FBB2F800E74A0B /* FoodShopsCell.m */; };
		CDED974E18FBB2F800E74A0B /* FoodShopsCell.xib in Resources */ = {isa = PBXBuildFile; fileRef = CDED974C18FBB2F800E74A0B /* FoodShopsCell.xib */; };
/* End PBXBuildFile section */

/* Begin PBXContainerItemProxy section */
		CDB021DA18ED9F30003B5A10 /* PBXContainerItemProxy */ = {
			isa = PBXContainerItemProxy;
			containerPortal = CDB021AC18ED9F30003B5A10 /* Project object */;
			proxyType = 1;
			remoteGlobalIDString = CDB021B318ED9F30003B5A10;
			remoteInfo = ZHG;
		};
/* End PBXContainerItemProxy section */

/* Begin PBXFileReference section */
		CD1AF3AE1919C5CA002A0093 /* FoodOrderVC.h */ = {isa = PBXFileReference; fileEncoding = 4; lastKnownFileType = sourcecode.c.h; path = FoodOrderVC.h; sourceTree = "<group>"; };
		CD1AF3AF1919C5CA002A0093 /* FoodOrderVC.m */ = {isa = PBXFileReference; fileEncoding = 4; lastKnownFileType = sourcecode.c.objc; path = FoodOrderVC.m; sourceTree = "<group>"; };
		CD1AF3B01919C5CA002A0093 /* FoodOrderVC.xib */ = {isa = PBXFileReference; fileEncoding = 4; lastKnownFileType = file.xib; path = FoodOrderVC.xib; sourceTree = "<group>"; };
		CD1AF4081919DA6B002A0093 /* WSOrderService.h */ = {isa = PBXFileReference; fileEncoding = 4; lastKnownFileType = sourcecode.c.h; path = WSOrderService.h; sourceTree = "<group>"; };
		CD1AF4091919DA6B002A0093 /* WSOrderService.m */ = {isa = PBXFileReference; fileEncoding = 4; lastKnownFileType = sourcecode.c.objc; path = WSOrderService.m; sourceTree = "<group>"; };
		CD1AF40B1919E3E0002A0093 /* WSUserService.h */ = {isa = PBXFileReference; fileEncoding = 4; lastKnownFileType = sourcecode.c.h; path = WSUserService.h; sourceTree = "<group>"; };
		CD1AF40C1919E3E0002A0093 /* WSUserService.m */ = {isa = PBXFileReference; fileEncoding = 4; lastKnownFileType = sourcecode.c.objc; path = WSUserService.m; sourceTree = "<group>"; };
		CD1AF40E191A1B09002A0093 /* TabBar.h */ = {isa = PBXFileReference; fileEncoding = 4; lastKnownFileType = sourcecode.c.h; path = TabBar.h; sourceTree = "<group>"; };
		CD1AF40F191A1B09002A0093 /* TabBar.m */ = {isa = PBXFileReference; fileEncoding = 4; lastKnownFileType = sourcecode.c.objc; path = TabBar.m; sourceTree = "<group>"; };
		CD1AF411191A1B23002A0093 /* TabBar.xib */ = {isa = PBXFileReference; fileEncoding = 4; lastKnownFileType = file.xib; path = TabBar.xib; sourceTree = "<group>"; };
		CD1AF414191A28A3002A0093 /* FoodOrder.h */ = {isa = PBXFileReference; fileEncoding = 4; lastKnownFileType = sourcecode.c.h; path = FoodOrder.h; sourceTree = "<group>"; };
		CD1AF415191A28A3002A0093 /* FoodOrder.m */ = {isa = PBXFileReference; fileEncoding = 4; lastKnownFileType = sourcecode.c.objc; path = FoodOrder.m; sourceTree = "<group>"; };
		CD2C6BE018F6C92A0004ABD5 /* SOAPClient.h */ = {isa = PBXFileReference; fileEncoding = 4; lastKnownFileType = sourcecode.c.h; name = SOAPClient.h; path = JSONModel/JSONModelNetworking/SOAPClient.h; sourceTree = "<group>"; };
		CD2C6BE118F6C92A0004ABD5 /* SOAPClient.m */ = {isa = PBXFileReference; fileEncoding = 4; lastKnownFileType = sourcecode.c.objc; name = SOAPClient.m; path = JSONModel/JSONModelNetworking/SOAPClient.m; sourceTree = "<group>"; };
		CD35AE9F18FAA0DC002E1882 /* WSGroupService.h */ = {isa = PBXFileReference; fileEncoding = 4; lastKnownFileType = sourcecode.c.h; path = WSGroupService.h; sourceTree = "<group>"; };
		CD35AEA018FAA0DC002E1882 /* WSGroupService.m */ = {isa = PBXFileReference; fileEncoding = 4; lastKnownFileType = sourcecode.c.objc; path = WSGroupService.m; sourceTree = "<group>"; };
		CD3D9B9C19187B7400DDF332 /* MKAnnotationView+WebCache.h */ = {isa = PBXFileReference; fileEncoding = 4; lastKnownFileType = sourcecode.c.h; path = "MKAnnotationView+WebCache.h"; sourceTree = "<group>"; };
		CD3D9B9D19187B7400DDF332 /* MKAnnotationView+WebCache.m */ = {isa = PBXFileReference; fileEncoding = 4; lastKnownFileType = sourcecode.c.objc; path = "MKAnnotationView+WebCache.m"; sourceTree = "<group>"; };
		CD3D9B9E19187B7400DDF332 /* NSData+ImageContentType.h */ = {isa = PBXFileReference; fileEncoding = 4; lastKnownFileType = sourcecode.c.h; path = "NSData+ImageContentType.h"; sourceTree = "<group>"; };
		CD3D9B9F19187B7400DDF332 /* NSData+ImageContentType.m */ = {isa = PBXFileReference; fileEncoding = 4; lastKnownFileType = sourcecode.c.objc; path = "NSData+ImageContentType.m"; sourceTree = "<group>"; };
		CD3D9BA019187B7400DDF332 /* SDImageCache.h */ = {isa = PBXFileReference; fileEncoding = 4; lastKnownFileType = sourcecode.c.h; path = SDImageCache.h; sourceTree = "<group>"; };
		CD3D9BA119187B7400DDF332 /* SDImageCache.m */ = {isa = PBXFileReference; fileEncoding = 4; lastKnownFileType = sourcecode.c.objc; path = SDImageCache.m; sourceTree = "<group>"; };
		CD3D9BA219187B7400DDF332 /* SDWebImageCompat.h */ = {isa = PBXFileReference; fileEncoding = 4; lastKnownFileType = sourcecode.c.h; path = SDWebImageCompat.h; sourceTree = "<group>"; };
		CD3D9BA319187B7400DDF332 /* SDWebImageCompat.m */ = {isa = PBXFileReference; fileEncoding = 4; lastKnownFileType = sourcecode.c.objc; path = SDWebImageCompat.m; sourceTree = "<group>"; };
		CD3D9BA419187B7400DDF332 /* SDWebImageDecoder.h */ = {isa = PBXFileReference; fileEncoding = 4; lastKnownFileType = sourcecode.c.h; path = SDWebImageDecoder.h; sourceTree = "<group>"; };
		CD3D9BA519187B7400DDF332 /* SDWebImageDecoder.m */ = {isa = PBXFileReference; fileEncoding = 4; lastKnownFileType = sourcecode.c.objc; path = SDWebImageDecoder.m; sourceTree = "<group>"; };
		CD3D9BA619187B7400DDF332 /* SDWebImageDownloader.h */ = {isa = PBXFileReference; fileEncoding = 4; lastKnownFileType = sourcecode.c.h; path = SDWebImageDownloader.h; sourceTree = "<group>"; };
		CD3D9BA719187B7400DDF332 /* SDWebImageDownloader.m */ = {isa = PBXFileReference; fileEncoding = 4; lastKnownFileType = sourcecode.c.objc; path = SDWebImageDownloader.m; sourceTree = "<group>"; };
		CD3D9BA819187B7400DDF332 /* SDWebImageDownloaderOperation.h */ = {isa = PBXFileReference; fileEncoding = 4; lastKnownFileType = sourcecode.c.h; path = SDWebImageDownloaderOperation.h; sourceTree = "<group>"; };
		CD3D9BA919187B7400DDF332 /* SDWebImageDownloaderOperation.m */ = {isa = PBXFileReference; fileEncoding = 4; lastKnownFileType = sourcecode.c.objc; path = SDWebImageDownloaderOperation.m; sourceTree = "<group>"; };
		CD3D9BAA19187B7400DDF332 /* SDWebImageManager.h */ = {isa = PBXFileReference; fileEncoding = 4; lastKnownFileType = sourcecode.c.h; path = SDWebImageManager.h; sourceTree = "<group>"; };
		CD3D9BAB19187B7400DDF332 /* SDWebImageManager.m */ = {isa = PBXFileReference; fileEncoding = 4; lastKnownFileType = sourcecode.c.objc; path = SDWebImageManager.m; sourceTree = "<group>"; };
		CD3D9BAC19187B7400DDF332 /* SDWebImageOperation.h */ = {isa = PBXFileReference; fileEncoding = 4; lastKnownFileType = sourcecode.c.h; path = SDWebImageOperation.h; sourceTree = "<group>"; };
		CD3D9BAD19187B7400DDF332 /* SDWebImagePrefetcher.h */ = {isa = PBXFileReference; fileEncoding = 4; lastKnownFileType = sourcecode.c.h; path = SDWebImagePrefetcher.h; sourceTree = "<group>"; };
		CD3D9BAE19187B7400DDF332 /* SDWebImagePrefetcher.m */ = {isa = PBXFileReference; fileEncoding = 4; lastKnownFileType = sourcecode.c.objc; path = SDWebImagePrefetcher.m; sourceTree = "<group>"; };
		CD3D9BAF19187B7400DDF332 /* UIButton+WebCache.h */ = {isa = PBXFileReference; fileEncoding = 4; lastKnownFileType = sourcecode.c.h; path = "UIButton+WebCache.h"; sourceTree = "<group>"; };
		CD3D9BB019187B7400DDF332 /* UIButton+WebCache.m */ = {isa = PBXFileReference; fileEncoding = 4; lastKnownFileType = sourcecode.c.objc; path = "UIButton+WebCache.m"; sourceTree = "<group>"; };
		CD3D9BB119187B7400DDF332 /* UIImage+GIF.h */ = {isa = PBXFileReference; fileEncoding = 4; lastKnownFileType = sourcecode.c.h; path = "UIImage+GIF.h"; sourceTree = "<group>"; };
		CD3D9BB219187B7400DDF332 /* UIImage+GIF.m */ = {isa = PBXFileReference; fileEncoding = 4; lastKnownFileType = sourcecode.c.objc; path = "UIImage+GIF.m"; sourceTree = "<group>"; };
		CD3D9BB319187B7400DDF332 /* UIImage+MultiFormat.h */ = {isa = PBXFileReference; fileEncoding = 4; lastKnownFileType = sourcecode.c.h; path = "UIImage+MultiFormat.h"; sourceTree = "<group>"; };
		CD3D9BB419187B7400DDF332 /* UIImage+MultiFormat.m */ = {isa = PBXFileReference; fileEncoding = 4; lastKnownFileType = sourcecode.c.objc; path = "UIImage+MultiFormat.m"; sourceTree = "<group>"; };
		CD3D9BB519187B7400DDF332 /* UIImage+WebP.h */ = {isa = PBXFileReference; fileEncoding = 4; lastKnownFileType = sourcecode.c.h; path = "UIImage+WebP.h"; sourceTree = "<group>"; };
		CD3D9BB619187B7400DDF332 /* UIImage+WebP.m */ = {isa = PBXFileReference; fileEncoding = 4; lastKnownFileType = sourcecode.c.objc; path = "UIImage+WebP.m"; sourceTree = "<group>"; };
		CD3D9BB719187B7400DDF332 /* UIImageView+WebCache.h */ = {isa = PBXFileReference; fileEncoding = 4; lastKnownFileType = sourcecode.c.h; path = "UIImageView+WebCache.h"; sourceTree = "<group>"; };
		CD3D9BB819187B7400DDF332 /* UIImageView+WebCache.m */ = {isa = PBXFileReference; fileEncoding = 4; lastKnownFileType = sourcecode.c.objc; path = "UIImageView+WebCache.m"; sourceTree = "<group>"; };
		CD3D9BC819187B8400DDF332 /* EDStarRating.h */ = {isa = PBXFileReference; fileEncoding = 4; lastKnownFileType = sourcecode.c.h; path = EDStarRating.h; sourceTree = "<group>"; };
		CD3D9BC919187B8400DDF332 /* EDStarRating.m */ = {isa = PBXFileReference; fileEncoding = 4; lastKnownFileType = sourcecode.c.objc; path = EDStarRating.m; sourceTree = "<group>"; };
		CD3D9BCB19187FEC00DDF332 /* FoodCell.xib */ = {isa = PBXFileReference; fileEncoding = 4; lastKnownFileType = file.xib; path = FoodCell.xib; sourceTree = "<group>"; };
		CD3D9BCC19187FEC00DDF332 /* FoodCell.m */ = {isa = PBXFileReference; fileEncoding = 4; lastKnownFileType = sourcecode.c.objc; path = FoodCell.m; sourceTree = "<group>"; };
		CD3D9BCD19187FEC00DDF332 /* FoodCell.h */ = {isa = PBXFileReference; fileEncoding = 4; lastKnownFileType = sourcecode.c.h; path = FoodCell.h; sourceTree = "<group>"; };
		CD4550AE1911311900224E77 /* LHLocationManager.h */ = {isa = PBXFileReference; fileEncoding = 4; lastKnownFileType = sourcecode.c.h; path = LHLocationManager.h; sourceTree = "<group>"; };
		CD4550AF1911311900224E77 /* LHLocationManager.m */ = {isa = PBXFileReference; fileEncoding = 4; lastKnownFileType = sourcecode.c.objc; path = LHLocationManager.m; sourceTree = "<group>"; };
		CD4550B1191131BC00224E77 /* CoreLocation.framework */ = {isa = PBXFileReference; lastKnownFileType = wrapper.framework; name = CoreLocation.framework; path = System/Library/Frameworks/CoreLocation.framework; sourceTree = SDKROOT; };
		CD71790C18FE15AD00B0F400 /* UserLoginVC.h */ = {isa = PBXFileReference; fileEncoding = 4; lastKnownFileType = sourcecode.c.h; path = UserLoginVC.h; sourceTree = "<group>"; };
		CD71790D18FE15AD00B0F400 /* UserLoginVC.m */ = {isa = PBXFileReference; fileEncoding = 4; lastKnownFileType = sourcecode.c.objc; path = UserLoginVC.m; sourceTree = "<group>"; };
		CD71790E18FE15AD00B0F400 /* UserLoginVC.xib */ = {isa = PBXFileReference; fileEncoding = 4; lastKnownFileType = file.xib; path = UserLoginVC.xib; sourceTree = "<group>"; };
		CD71791118FE15CA00B0F400 /* UserRegisterVC.h */ = {isa = PBXFileReference; fileEncoding = 4; lastKnownFileType = sourcecode.c.h; path = UserRegisterVC.h; sourceTree = "<group>"; };
		CD71791218FE15CA00B0F400 /* UserRegisterVC.m */ = {isa = PBXFileReference; fileEncoding = 4; lastKnownFileType = sourcecode.c.objc; path = UserRegisterVC.m; sourceTree = "<group>"; };
		CD71791318FE15CA00B0F400 /* UserRegisterVC.xib */ = {isa = PBXFileReference; fileEncoding = 4; lastKnownFileType = file.xib; path = UserRegisterVC.xib; sourceTree = "<group>"; };
		CD71791618FE168800B0F400 /* UserCenterVC.h */ = {isa = PBXFileReference; fileEncoding = 4; lastKnownFileType = sourcecode.c.h; path = UserCenterVC.h; sourceTree = "<group>"; };
		CD71791718FE168800B0F400 /* UserCenterVC.m */ = {isa = PBXFileReference; fileEncoding = 4; lastKnownFileType = sourcecode.c.objc; path = UserCenterVC.m; sourceTree = "<group>"; };
		CD71791818FE168800B0F400 /* UserCenterVC.xib */ = {isa = PBXFileReference; fileEncoding = 4; lastKnownFileType = file.xib; path = UserCenterVC.xib; sourceTree = "<group>"; };
		CD71791B18FE16AF00B0F400 /* UserResetPasswordVC.h */ = {isa = PBXFileReference; fileEncoding = 4; lastKnownFileType = sourcecode.c.h; path = UserResetPasswordVC.h; sourceTree = "<group>"; };
		CD71791C18FE16AF00B0F400 /* UserResetPasswordVC.m */ = {isa = PBXFileReference; fileEncoding = 4; lastKnownFileType = sourcecode.c.objc; path = UserResetPasswordVC.m; sourceTree = "<group>"; };
		CD71791D18FE16AF00B0F400 /* UserResetPasswordVC.xib */ = {isa = PBXFileReference; fileEncoding = 4; lastKnownFileType = file.xib; path = UserResetPasswordVC.xib; sourceTree = "<group>"; };
		CD944E2F19147BD200BAE409 /* FoodShop.h */ = {isa = PBXFileReference; fileEncoding = 4; lastKnownFileType = sourcecode.c.h; path = FoodShop.h; sourceTree = "<group>"; };
		CD944E3019147BD200BAE409 /* FoodShop.m */ = {isa = PBXFileReference; fileEncoding = 4; lastKnownFileType = sourcecode.c.objc; path = FoodShop.m; sourceTree = "<group>"; };
		CD944E3219147F0400BAE409 /* Product.h */ = {isa = PBXFileReference; fileEncoding = 4; lastKnownFileType = sourcecode.c.h; path = Product.h; sourceTree = "<group>"; };
		CD944E3319147F0400BAE409 /* Product.m */ = {isa = PBXFileReference; fileEncoding = 4; lastKnownFileType = sourcecode.c.objc; path = Product.m; sourceTree = "<group>"; };
		CD944E351914810E00BAE409 /* ProductDetail.h */ = {isa = PBXFileReference; fileEncoding = 4; lastKnownFileType = sourcecode.c.h; path = ProductDetail.h; sourceTree = "<group>"; };
		CD944E361914810E00BAE409 /* ProductDetail.m */ = {isa = PBXFileReference; fileEncoding = 4; lastKnownFileType = sourcecode.c.objc; path = ProductDetail.m; sourceTree = "<group>"; };
		CD944E381914839900BAE409 /* ProductTemplate.h */ = {isa = PBXFileReference; fileEncoding = 4; lastKnownFileType = sourcecode.c.h; path = ProductTemplate.h; sourceTree = "<group>"; };
		CD944E391914839900BAE409 /* ProductTemplate.m */ = {isa = PBXFileReference; fileEncoding = 4; lastKnownFileType = sourcecode.c.objc; path = ProductTemplate.m; sourceTree = "<group>"; };
		CD944E3B1914842100BAE409 /* ProductStyle.h */ = {isa = PBXFileReference; fileEncoding = 4; lastKnownFileType = sourcecode.c.h; path = ProductStyle.h; sourceTree = "<group>"; };
		CD944E3C1914842100BAE409 /* ProductStyle.m */ = {isa = PBXFileReference; fileEncoding = 4; lastKnownFileType = sourcecode.c.objc; path = ProductStyle.m; sourceTree = "<group>"; };
		CD9C14A918F7CC6F0043B738 /* FoodShopsListVC.h */ = {isa = PBXFileReference; fileEncoding = 4; lastKnownFileType = sourcecode.c.h; path = FoodShopsListVC.h; sourceTree = "<group>"; };
		CD9C14AA18F7CC6F0043B738 /* FoodShopsListVC.m */ = {isa = PBXFileReference; fileEncoding = 4; lastKnownFileType = sourcecode.c.objc; path = FoodShopsListVC.m; sourceTree = "<group>"; };
		CD9C14AB18F7CC6F0043B738 /* FoodShopsListVC.xib */ = {isa = PBXFileReference; fileEncoding = 4; lastKnownFileType = file.xib; path = FoodShopsListVC.xib; sourceTree = "<group>"; };
		CD9F21FD18F43F6C009C25C4 /* BaseVC.h */ = {isa = PBXFileReference; fileEncoding = 4; lastKnownFileType = sourcecode.c.h; path = BaseVC.h; sourceTree = "<group>"; };
		CD9F21FE18F43F6C009C25C4 /* BaseVC.m */ = {isa = PBXFileReference; fileEncoding = 4; lastKnownFileType = sourcecode.c.objc; path = BaseVC.m; sourceTree = "<group>"; };
		CD9F220018F43F81009C25C4 /* HomeVC.h */ = {isa = PBXFileReference; fileEncoding = 4; lastKnownFileType = sourcecode.c.h; path = HomeVC.h; sourceTree = "<group>"; };
		CD9F220118F43F81009C25C4 /* HomeVC.m */ = {isa = PBXFileReference; fileEncoding = 4; lastKnownFileType = sourcecode.c.objc; path = HomeVC.m; sourceTree = "<group>"; };
		CD9F220218F43F81009C25C4 /* HomeVC.xib */ = {isa = PBXFileReference; fileEncoding = 4; lastKnownFileType = file.xib; path = HomeVC.xib; sourceTree = "<group>"; };
		CD9F220818F44609009C25C4 /* MUser.h */ = {isa = PBXFileReference; fileEncoding = 4; lastKnownFileType = sourcecode.c.h; path = MUser.h; sourceTree = "<group>"; };
		CD9F220918F44609009C25C4 /* MUser.m */ = {isa = PBXFileReference; fileEncoding = 4; lastKnownFileType = sourcecode.c.objc; path = MUser.m; sourceTree = "<group>"; };
		CD9F220B18F44626009C25C4 /* MWSResponse.h */ = {isa = PBXFileReference; fileEncoding = 4; lastKnownFileType = sourcecode.c.h; path = MWSResponse.h; sourceTree = "<group>"; };
		CD9F220C18F44626009C25C4 /* MWSResponse.m */ = {isa = PBXFileReference; fileEncoding = 4; lastKnownFileType = sourcecode.c.objc; path = MWSResponse.m; sourceTree = "<group>"; };
		CD9F3657190003A800762332 /* TPKeyboardAvoidingCollectionView.h */ = {isa = PBXFileReference; fileEncoding = 4; lastKnownFileType = sourcecode.c.h; path = TPKeyboardAvoidingCollectionView.h; sourceTree = "<group>"; };
		CD9F3658190003A800762332 /* TPKeyboardAvoidingCollectionView.m */ = {isa = PBXFileReference; fileEncoding = 4; lastKnownFileType = sourcecode.c.objc; path = TPKeyboardAvoidingCollectionView.m; sourceTree = "<group>"; };
		CD9F3659190003A800762332 /* TPKeyboardAvoidingScrollView.h */ = {isa = PBXFileReference; fileEncoding = 4; lastKnownFileType = sourcecode.c.h; path = TPKeyboardAvoidingScrollView.h; sourceTree = "<group>"; };
		CD9F365A190003A800762332 /* TPKeyboardAvoidingScrollView.m */ = {isa = PBXFileReference; fileEncoding = 4; lastKnownFileType = sourcecode.c.objc; path = TPKeyboardAvoidingScrollView.m; sourceTree = "<group>"; };
		CD9F365B190003A800762332 /* TPKeyboardAvoidingTableView.h */ = {isa = PBXFileReference; fileEncoding = 4; lastKnownFileType = sourcecode.c.h; path = TPKeyboardAvoidingTableView.h; sourceTree = "<group>"; };
		CD9F365C190003A800762332 /* TPKeyboardAvoidingTableView.m */ = {isa = PBXFileReference; fileEncoding = 4; lastKnownFileType = sourcecode.c.objc; path = TPKeyboardAvoidingTableView.m; sourceTree = "<group>"; };
		CD9F365D190003A800762332 /* UIScrollView+TPKeyboardAvoidingAdditions.h */ = {isa = PBXFileReference; fileEncoding = 4; lastKnownFileType = sourcecode.c.h; path = "UIScrollView+TPKeyboardAvoidingAdditions.h"; sourceTree = "<group>"; };
		CD9F365E190003A800762332 /* UIScrollView+TPKeyboardAvoidingAdditions.m */ = {isa = PBXFileReference; fileEncoding = 4; lastKnownFileType = sourcecode.c.objc; path = "UIScrollView+TPKeyboardAvoidingAdditions.m"; sourceTree = "<group>"; };
		CDA0909B1909004100361ECC /* Reveal.framework */ = {isa = PBXFileReference; lastKnownFileType = wrapper.framework; path = Reveal.framework; sourceTree = "<group>"; };
		CDA154921911C8E500DF0733 /* WSServiceItemService.h */ = {isa = PBXFileReference; fileEncoding = 4; lastKnownFileType = sourcecode.c.h; path = WSServiceItemService.h; sourceTree = "<group>"; };
		CDA154931911C8E500DF0733 /* WSServiceItemService.m */ = {isa = PBXFileReference; fileEncoding = 4; lastKnownFileType = sourcecode.c.objc; path = WSServiceItemService.m; sourceTree = "<group>"; };
		CDAD9B23190A462800086996 /* UIColor+RGB.h */ = {isa = PBXFileReference; fileEncoding = 4; lastKnownFileType = sourcecode.c.h; path = "UIColor+RGB.h"; sourceTree = "<group>"; };
		CDAD9B24190A462800086996 /* UIColor+RGB.m */ = {isa = PBXFileReference; fileEncoding = 4; lastKnownFileType = sourcecode.c.objc; path = "UIColor+RGB.m"; sourceTree = "<group>"; };
		CDB021B418ED9F30003B5A10 /* TEST.app */ = {isa = PBXFileReference; explicitFileType = wrapper.application; includeInIndex = 0; path = TEST.app; sourceTree = BUILT_PRODUCTS_DIR; };
		CDB021B718ED9F30003B5A10 /* Foundation.framework */ = {isa = PBXFileReference; lastKnownFileType = wrapper.framework; name = Foundation.framework; path = System/Library/Frameworks/Foundation.framework; sourceTree = SDKROOT; };
		CDB021B918ED9F30003B5A10 /* CoreGraphics.framework */ = {isa = PBXFileReference; lastKnownFileType = wrapper.framework; name = CoreGraphics.framework; path = System/Library/Frameworks/CoreGraphics.framework; sourceTree = SDKROOT; };
		CDB021BB18ED9F30003B5A10 /* UIKit.framework */ = {isa = PBXFileReference; lastKnownFileType = wrapper.framework; name = UIKit.framework; path = System/Library/Frameworks/UIKit.framework; sourceTree = SDKROOT; };
		CDB021BF18ED9F30003B5A10 /* ZHG-Info.plist */ = {isa = PBXFileReference; lastKnownFileType = text.plist.xml; path = "ZHG-Info.plist"; sourceTree = "<group>"; };
		CDB021C118ED9F30003B5A10 /* en */ = {isa = PBXFileReference; lastKnownFileType = text.plist.strings; name = en; path = en.lproj/InfoPlist.strings; sourceTree = "<group>"; };
		CDB021C318ED9F30003B5A10 /* main.m */ = {isa = PBXFileReference; lastKnownFileType = sourcecode.c.objc; path = main.m; sourceTree = "<group>"; };
		CDB021C518ED9F30003B5A10 /* ZHG-Prefix.pch */ = {isa = PBXFileReference; lastKnownFileType = sourcecode.c.h; path = "ZHG-Prefix.pch"; sourceTree = "<group>"; };
		CDB021C618ED9F30003B5A10 /* AppDelegate.h */ = {isa = PBXFileReference; lastKnownFileType = sourcecode.c.h; path = AppDelegate.h; sourceTree = "<group>"; };
		CDB021C718ED9F30003B5A10 /* AppDelegate.m */ = {isa = PBXFileReference; lastKnownFileType = sourcecode.c.objc; path = AppDelegate.m; sourceTree = "<group>"; };
		CDB021CF18ED9F30003B5A10 /* Images.xcassets */ = {isa = PBXFileReference; lastKnownFileType = folder.assetcatalog; name = Images.xcassets; path = ZHG/Images.xcassets; sourceTree = "<group>"; };
		CDB021D518ED9F30003B5A10 /* ZHGTests.xctest */ = {isa = PBXFileReference; explicitFileType = wrapper.cfbundle; includeInIndex = 0; path = ZHGTests.xctest; sourceTree = BUILT_PRODUCTS_DIR; };
		CDB021D618ED9F30003B5A10 /* XCTest.framework */ = {isa = PBXFileReference; lastKnownFileType = wrapper.framework; name = XCTest.framework; path = Library/Frameworks/XCTest.framework; sourceTree = DEVELOPER_DIR; };
		CDB021DE18ED9F30003B5A10 /* ZHGTests-Info.plist */ = {isa = PBXFileReference; lastKnownFileType = text.plist.xml; path = "ZHGTests-Info.plist"; sourceTree = "<group>"; };
		CDB021E018ED9F30003B5A10 /* en */ = {isa = PBXFileReference; lastKnownFileType = text.plist.strings; name = en; path = en.lproj/InfoPlist.strings; sourceTree = "<group>"; };
		CDB021E218ED9F30003B5A10 /* ZHGTests.m */ = {isa = PBXFileReference; lastKnownFileType = sourcecode.c.objc; path = ZHGTests.m; sourceTree = "<group>"; };
		CDB331CC1911DF3F009CCF5B /* FoodDetailVC.h */ = {isa = PBXFileReference; fileEncoding = 4; lastKnownFileType = sourcecode.c.h; path = FoodDetailVC.h; sourceTree = "<group>"; };
		CDB331CD1911DF3F009CCF5B /* FoodDetailVC.m */ = {isa = PBXFileReference; fileEncoding = 4; lastKnownFileType = sourcecode.c.objc; path = FoodDetailVC.m; sourceTree = "<group>"; };
		CDB331CE1911DF3F009CCF5B /* FoodDetailVC.xib */ = {isa = PBXFileReference; fileEncoding = 4; lastKnownFileType = file.xib; path = FoodDetailVC.xib; sourceTree = "<group>"; };
		CDB3E9D21900C35000663C03 /* SegmentedControl.h */ = {isa = PBXFileReference; fileEncoding = 4; lastKnownFileType = sourcecode.c.h; path = SegmentedControl.h; sourceTree = "<group>"; };
		CDB3E9D31900C35000663C03 /* SegmentedControl.m */ = {isa = PBXFileReference; fileEncoding = 4; lastKnownFileType = sourcecode.c.objc; path = SegmentedControl.m; sourceTree = "<group>"; };
		CDC4DF2C18FE2FF90025615A /* AlertView.h */ = {isa = PBXFileReference; fileEncoding = 4; lastKnownFileType = sourcecode.c.h; path = AlertView.h; sourceTree = "<group>"; };
		CDC4DF2D18FE2FF90025615A /* AlertView.m */ = {isa = PBXFileReference; fileEncoding = 4; lastKnownFileType = sourcecode.c.objc; path = AlertView.m; sourceTree = "<group>"; };
		CDC4DF3218FE69410025615A /* MBProgressHUD.h */ = {isa = PBXFileReference; fileEncoding = 4; lastKnownFileType = sourcecode.c.h; path = MBProgressHUD.h; sourceTree = "<group>"; };
		CDC4DF3318FE69410025615A /* MBProgressHUD.m */ = {isa = PBXFileReference; fileEncoding = 4; lastKnownFileType = sourcecode.c.objc; path = MBProgressHUD.m; sourceTree = "<group>"; };
		CDC4DF3618FE69DB0025615A /* HUD.h */ = {isa = PBXFileReference; fileEncoding = 4; lastKnownFileType = sourcecode.c.h; path = HUD.h; sourceTree = "<group>"; };
		CDC4DF3718FE69DB0025615A /* HUD.m */ = {isa = PBXFileReference; fileEncoding = 4; lastKnownFileType = sourcecode.c.objc; path = HUD.m; sourceTree = "<group>"; };
		CDD6FE77190F6AD600BDF78A /* FoodShopDetailVC.h */ = {isa = PBXFileReference; fileEncoding = 4; lastKnownFileType = sourcecode.c.h; path = FoodShopDetailVC.h; sourceTree = "<group>"; };
		CDD6FE78190F6AD600BDF78A /* FoodShopDetailVC.m */ = {isa = PBXFileReference; fileEncoding = 4; lastKnownFileType = sourcecode.c.objc; path = FoodShopDetailVC.m; sourceTree = "<group>"; };
		CDD6FE79190F6AD600BDF78A /* FoodShopDetailVC.xib */ = {isa = PBXFileReference; fileEncoding = 4; lastKnownFileType = file.xib; path = FoodShopDetailVC.xib; sourceTree = "<group>"; };
		CDD6FE7C190F716F00BDF78A /* ad0.jpg */ = {isa = PBXFileReference; lastKnownFileType = image.jpeg; path = ad0.jpg; sourceTree = "<group>"; };
		CDD6FE7D190F716F00BDF78A /* ad1.jpg */ = {isa = PBXFileReference; lastKnownFileType = image.jpeg; path = ad1.jpg; sourceTree = "<group>"; };
		CDD6FE7E190F716F00BDF78A /* ad2.jpg */ = {isa = PBXFileReference; lastKnownFileType = image.jpeg; path = ad2.jpg; sourceTree = "<group>"; };
		CDD6FE7F190F716F00BDF78A /* ad3.jpg */ = {isa = PBXFileReference; lastKnownFileType = image.jpeg; path = ad3.jpg; sourceTree = "<group>"; };
		CDD6FE84190F953C00BDF78A /* UIScrollView+ContentSize.h */ = {isa = PBXFileReference; fileEncoding = 4; lastKnownFileType = sourcecode.c.h; path = "UIScrollView+ContentSize.h"; sourceTree = "<group>"; };
		CDD6FE85190F953C00BDF78A /* UIScrollView+ContentSize.m */ = {isa = PBXFileReference; fileEncoding = 4; lastKnownFileType = sourcecode.c.objc; path = "UIScrollView+ContentSize.m"; sourceTree = "<group>"; };
		CDD6FE87190F9C0500BDF78A /* SalesPromotionCell.h */ = {isa = PBXFileReference; fileEncoding = 4; lastKnownFileType = sourcecode.c.h; path = SalesPromotionCell.h; sourceTree = "<group>"; };
		CDD6FE88190F9C0500BDF78A /* SalesPromotionCell.m */ = {isa = PBXFileReference; fileEncoding = 4; lastKnownFileType = sourcecode.c.objc; path = SalesPromotionCell.m; sourceTree = "<group>"; };
		CDD6FE89190F9C0500BDF78A /* SalesPromotionCell.xib */ = {isa = PBXFileReference; fileEncoding = 4; lastKnownFileType = file.xib; path = SalesPromotionCell.xib; sourceTree = "<group>"; };
		CDD6FE8C190F9F6500BDF78A /* cell_icon.jpg */ = {isa = PBXFileReference; lastKnownFileType = image.jpeg; path = cell_icon.jpg; sourceTree = "<group>"; };
		CDD6FE8E190F9FAA00BDF78A /* cell_icon2.jpg */ = {isa = PBXFileReference; lastKnownFileType = image.jpeg; path = cell_icon2.jpg; sourceTree = "<group>"; };
		CDDBB3AA1918C501002E6C67 /* SVPullToRefresh.h */ = {isa = PBXFileReference; fileEncoding = 4; lastKnownFileType = sourcecode.c.h; path = SVPullToRefresh.h; sourceTree = "<group>"; };
		CDDBB3AB1918C501002E6C67 /* UIScrollView+SVInfiniteScrolling.h */ = {isa = PBXFileReference; fileEncoding = 4; lastKnownFileType = sourcecode.c.h; path = "UIScrollView+SVInfiniteScrolling.h"; sourceTree = "<group>"; };
		CDDBB3AC1918C501002E6C67 /* UIScrollView+SVInfiniteScrolling.m */ = {isa = PBXFileReference; fileEncoding = 4; lastKnownFileType = sourcecode.c.objc; path = "UIScrollView+SVInfiniteScrolling.m"; sourceTree = "<group>"; };
		CDDBB3AD1918C501002E6C67 /* UIScrollView+SVPullToRefresh.h */ = {isa = PBXFileReference; fileEncoding = 4; lastKnownFileType = sourcecode.c.h; path = "UIScrollView+SVPullToRefresh.h"; sourceTree = "<group>"; };
		CDDBB3AE1918C501002E6C67 /* UIScrollView+SVPullToRefresh.m */ = {isa = PBXFileReference; fileEncoding = 4; lastKnownFileType = sourcecode.c.objc; path = "UIScrollView+SVPullToRefresh.m"; sourceTree = "<group>"; };
		CDDBB3B11918CE23002E6C67 /* UIView+ContentSize.h */ = {isa = PBXFileReference; fileEncoding = 4; lastKnownFileType = sourcecode.c.h; path = "UIView+ContentSize.h"; sourceTree = "<group>"; };
		CDDBB3B21918CE23002E6C67 /* UIView+ContentSize.m */ = {isa = PBXFileReference; fileEncoding = 4; lastKnownFileType = sourcecode.c.objc; path = "UIView+ContentSize.m"; sourceTree = "<group>"; };
		CDE5F80518F3E28B00335B45 /* SystemConfiguration.framework */ = {isa = PBXFileReference; lastKnownFileType = wrapper.framework; name = SystemConfiguration.framework; path = System/Library/Frameworks/SystemConfiguration.framework; sourceTree = SDKROOT; };
		CDE5F80918F3E4B200335B45 /* JSONModel+CoreData.h */ = {isa = PBXFileReference; fileEncoding = 4; lastKnownFileType = sourcecode.c.h; path = "JSONModel+CoreData.h"; sourceTree = "<group>"; };
		CDE5F80A18F3E4B200335B45 /* JSONModel+CoreData.m */ = {isa = PBXFileReference; fileEncoding = 4; lastKnownFileType = sourcecode.c.objc; path = "JSONModel+CoreData.m"; sourceTree = "<group>"; };
		CDE5F80B18F3E4B200335B45 /* JSONModel.h */ = {isa = PBXFileReference; fileEncoding = 4; lastKnownFileType = sourcecode.c.h; path = JSONModel.h; sourceTree = "<group>"; };
		CDE5F80C18F3E4B200335B45 /* JSONModel.m */ = {isa = PBXFileReference; fileEncoding = 4; lastKnownFileType = sourcecode.c.objc; path = JSONModel.m; sourceTree = "<group>"; };
		CDE5F80D18F3E4B200335B45 /* JSONModelArray.h */ = {isa = PBXFileReference; fileEncoding = 4; lastKnownFileType = sourcecode.c.h; path = JSONModelArray.h; sourceTree = "<group>"; };
		CDE5F80E18F3E4B200335B45 /* JSONModelArray.m */ = {isa = PBXFileReference; fileEncoding = 4; lastKnownFileType = sourcecode.c.objc; path = JSONModelArray.m; sourceTree = "<group>"; };
		CDE5F80F18F3E4B200335B45 /* JSONModelClassProperty.h */ = {isa = PBXFileReference; fileEncoding = 4; lastKnownFileType = sourcecode.c.h; path = JSONModelClassProperty.h; sourceTree = "<group>"; };
		CDE5F81018F3E4B200335B45 /* JSONModelClassProperty.m */ = {isa = PBXFileReference; fileEncoding = 4; lastKnownFileType = sourcecode.c.objc; path = JSONModelClassProperty.m; sourceTree = "<group>"; };
		CDE5F81118F3E4B200335B45 /* JSONModelError.h */ = {isa = PBXFileReference; fileEncoding = 4; lastKnownFileType = sourcecode.c.h; path = JSONModelError.h; sourceTree = "<group>"; };
		CDE5F81218F3E4B200335B45 /* JSONModelError.m */ = {isa = PBXFileReference; fileEncoding = 4; lastKnownFileType = sourcecode.c.objc; path = JSONModelError.m; sourceTree = "<group>"; };
		CDE5F81418F3E4B200335B45 /* NSArray+JSONModel.h */ = {isa = PBXFileReference; fileEncoding = 4; lastKnownFileType = sourcecode.c.h; path = "NSArray+JSONModel.h"; sourceTree = "<group>"; };
		CDE5F81518F3E4B200335B45 /* NSArray+JSONModel.m */ = {isa = PBXFileReference; fileEncoding = 4; lastKnownFileType = sourcecode.c.objc; path = "NSArray+JSONModel.m"; sourceTree = "<group>"; };
		CDE5F81618F3E4B200335B45 /* JSONModelLib.h */ = {isa = PBXFileReference; fileEncoding = 4; lastKnownFileType = sourcecode.c.h; path = JSONModelLib.h; sourceTree = "<group>"; };
		CDE5F81818F3E4B200335B45 /* JSONAPI.h */ = {isa = PBXFileReference; fileEncoding = 4; lastKnownFileType = sourcecode.c.h; path = JSONAPI.h; sourceTree = "<group>"; };
		CDE5F81918F3E4B200335B45 /* JSONAPI.m */ = {isa = PBXFileReference; fileEncoding = 4; lastKnownFileType = sourcecode.c.objc; path = JSONAPI.m; sourceTree = "<group>"; };
		CDE5F81A18F3E4B200335B45 /* JSONHTTPClient.h */ = {isa = PBXFileReference; fileEncoding = 4; lastKnownFileType = sourcecode.c.h; path = JSONHTTPClient.h; sourceTree = "<group>"; };
		CDE5F81B18F3E4B200335B45 /* JSONHTTPClient.m */ = {isa = PBXFileReference; fileEncoding = 4; lastKnownFileType = sourcecode.c.objc; path = JSONHTTPClient.m; sourceTree = "<group>"; };
		CDE5F81C18F3E4B200335B45 /* JSONModel+networking.h */ = {isa = PBXFileReference; fileEncoding = 4; lastKnownFileType = sourcecode.c.h; path = "JSONModel+networking.h"; sourceTree = "<group>"; };
		CDE5F81D18F3E4B200335B45 /* JSONModel+networking.m */ = {isa = PBXFileReference; fileEncoding = 4; lastKnownFileType = sourcecode.c.objc; path = "JSONModel+networking.m"; sourceTree = "<group>"; };
		CDE5F81F18F3E4B200335B45 /* JSONKeyMapper.h */ = {isa = PBXFileReference; fileEncoding = 4; lastKnownFileType = sourcecode.c.h; path = JSONKeyMapper.h; sourceTree = "<group>"; };
		CDE5F82018F3E4B200335B45 /* JSONKeyMapper.m */ = {isa = PBXFileReference; fileEncoding = 4; lastKnownFileType = sourcecode.c.objc; path = JSONKeyMapper.m; sourceTree = "<group>"; };
		CDE5F82118F3E4B200335B45 /* JSONValueTransformer.h */ = {isa = PBXFileReference; fileEncoding = 4; lastKnownFileType = sourcecode.c.h; path = JSONValueTransformer.h; sourceTree = "<group>"; };
		CDE5F82218F3E4B200335B45 /* JSONValueTransformer.m */ = {isa = PBXFileReference; fileEncoding = 4; lastKnownFileType = sourcecode.c.objc; path = JSONValueTransformer.m; sourceTree = "<group>"; };
		CDECA6AF190E96A6001A5B3A /* ServiceClassService.h */ = {isa = PBXFileReference; fileEncoding = 4; lastKnownFileType = sourcecode.c.h; path = ServiceClassService.h; sourceTree = "<group>"; };
		CDECA6B0190E96A6001A5B3A /* ServiceClassService.m */ = {isa = PBXFileReference; fileEncoding = 4; lastKnownFileType = sourcecode.c.objc; path = ServiceClassService.m; sourceTree = "<group>"; };
		CDED974A18FBB2F800E74A0B /* FoodShopsCell.h */ = {isa = PBXFileReference; fileEncoding = 4; lastKnownFileType = sourcecode.c.h; path = FoodShopsCell.h; sourceTree = "<group>"; };
		CDED974B18FBB2F800E74A0B /* FoodShopsCell.m */ = {isa = PBXFileReference; fileEncoding = 4; lastKnownFileType = sourcecode.c.objc; path = FoodShopsCell.m; sourceTree = "<group>"; };
		CDED974C18FBB2F800E74A0B /* FoodShopsCell.xib */ = {isa = PBXFileReference; fileEncoding = 4; lastKnownFileType = file.xib; path = FoodShopsCell.xib; sourceTree = "<group>"; };
/* End PBXFileReference section */

/* Begin PBXFrameworksBuildPhase section */
		CDB021B118ED9F30003B5A10 /* Frameworks */ = {
			isa = PBXFrameworksBuildPhase;
			buildActionMask = 2147483647;
			files = (
				CD4550B2191131BC00224E77 /* CoreLocation.framework in Frameworks */,
				CDE5F80618F3E28B00335B45 /* SystemConfiguration.framework in Frameworks */,
				CDB021BA18ED9F30003B5A10 /* CoreGraphics.framework in Frameworks */,
				CDA0909C1909004100361ECC /* Reveal.framework in Frameworks */,
				CDB021BC18ED9F30003B5A10 /* UIKit.framework in Frameworks */,
				CDB021B818ED9F30003B5A10 /* Foundation.framework in Frameworks */,
			);
			runOnlyForDeploymentPostprocessing = 0;
		};
		CDB021D218ED9F30003B5A10 /* Frameworks */ = {
			isa = PBXFrameworksBuildPhase;
			buildActionMask = 2147483647;
			files = (
				CDB021D718ED9F30003B5A10 /* XCTest.framework in Frameworks */,
				CDB021D918ED9F30003B5A10 /* UIKit.framework in Frameworks */,
				CDB021D818ED9F30003B5A10 /* Foundation.framework in Frameworks */,
			);
			runOnlyForDeploymentPostprocessing = 0;
		};
/* End PBXFrameworksBuildPhase section */

/* Begin PBXGroup section */
		CD1AF413191A284B002A0093 /* res */ = {
			isa = PBXGroup;
			children = (
				CDD6FE7C190F716F00BDF78A /* ad0.jpg */,
				CDD6FE7D190F716F00BDF78A /* ad1.jpg */,
				CDD6FE8C190F9F6500BDF78A /* cell_icon.jpg */,
				CDD6FE7E190F716F00BDF78A /* ad2.jpg */,
				CDD6FE8E190F9FAA00BDF78A /* cell_icon2.jpg */,
				CDD6FE7F190F716F00BDF78A /* ad3.jpg */,
			);
			name = res;
			sourceTree = "<group>";
		};
		CD3D9B9B19187B7400DDF332 /* SDWebImage */ = {
			isa = PBXGroup;
			children = (
				CD3D9B9C19187B7400DDF332 /* MKAnnotationView+WebCache.h */,
				CD3D9B9D19187B7400DDF332 /* MKAnnotationView+WebCache.m */,
				CD3D9B9E19187B7400DDF332 /* NSData+ImageContentType.h */,
				CD3D9B9F19187B7400DDF332 /* NSData+ImageContentType.m */,
				CD3D9BA019187B7400DDF332 /* SDImageCache.h */,
				CD3D9BA119187B7400DDF332 /* SDImageCache.m */,
				CD3D9BA219187B7400DDF332 /* SDWebImageCompat.h */,
				CD3D9BA319187B7400DDF332 /* SDWebImageCompat.m */,
				CD3D9BA419187B7400DDF332 /* SDWebImageDecoder.h */,
				CD3D9BA519187B7400DDF332 /* SDWebImageDecoder.m */,
				CD3D9BA619187B7400DDF332 /* SDWebImageDownloader.h */,
				CD3D9BA719187B7400DDF332 /* SDWebImageDownloader.m */,
				CD3D9BA819187B7400DDF332 /* SDWebImageDownloaderOperation.h */,
				CD3D9BA919187B7400DDF332 /* SDWebImageDownloaderOperation.m */,
				CD3D9BAA19187B7400DDF332 /* SDWebImageManager.h */,
				CD3D9BAB19187B7400DDF332 /* SDWebImageManager.m */,
				CD3D9BAC19187B7400DDF332 /* SDWebImageOperation.h */,
				CD3D9BAD19187B7400DDF332 /* SDWebImagePrefetcher.h */,
				CD3D9BAE19187B7400DDF332 /* SDWebImagePrefetcher.m */,
				CD3D9BAF19187B7400DDF332 /* UIButton+WebCache.h */,
				CD3D9BB019187B7400DDF332 /* UIButton+WebCache.m */,
				CD3D9BB119187B7400DDF332 /* UIImage+GIF.h */,
				CD3D9BB219187B7400DDF332 /* UIImage+GIF.m */,
				CD3D9BB319187B7400DDF332 /* UIImage+MultiFormat.h */,
				CD3D9BB419187B7400DDF332 /* UIImage+MultiFormat.m */,
				CD3D9BB519187B7400DDF332 /* UIImage+WebP.h */,
				CD3D9BB619187B7400DDF332 /* UIImage+WebP.m */,
				CD3D9BB719187B7400DDF332 /* UIImageView+WebCache.h */,
				CD3D9BB819187B7400DDF332 /* UIImageView+WebCache.m */,
			);
			path = SDWebImage;
			sourceTree = "<group>";
		};
		CD3D9BC719187B8400DDF332 /* EDStarRating */ = {
			isa = PBXGroup;
			children = (
				CD3D9BC819187B8400DDF332 /* EDStarRating.h */,
				CD3D9BC919187B8400DDF332 /* EDStarRating.m */,
			);
			path = EDStarRating;
			sourceTree = "<group>";
		};
		CD63699F18EEA68000BA5D99 /* Model */ = {
			isa = PBXGroup;
			children = (
				CD9F220B18F44626009C25C4 /* MWSResponse.h */,
				CD9F220C18F44626009C25C4 /* MWSResponse.m */,
				CD9F220818F44609009C25C4 /* MUser.h */,
				CD9F220918F44609009C25C4 /* MUser.m */,
				CD944E2F19147BD200BAE409 /* FoodShop.h */,
				CD944E3019147BD200BAE409 /* FoodShop.m */,
				CD944E3219147F0400BAE409 /* Product.h */,
				CD944E3319147F0400BAE409 /* Product.m */,
				CD944E351914810E00BAE409 /* ProductDetail.h */,
				CD944E361914810E00BAE409 /* ProductDetail.m */,
				CD944E381914839900BAE409 /* ProductTemplate.h */,
				CD944E391914839900BAE409 /* ProductTemplate.m */,
				CD944E3B1914842100BAE409 /* ProductStyle.h */,
				CD944E3C1914842100BAE409 /* ProductStyle.m */,
				CD1AF414191A28A3002A0093 /* FoodOrder.h */,
				CD1AF415191A28A3002A0093 /* FoodOrder.m */,
			);
			name = Model;
			sourceTree = "<group>";
		};
		CD6369A018EEA68A00BA5D99 /* Controller */ = {
			isa = PBXGroup;
			children = (
				CD71790B18FE159100B0F400 /* User */,
				CD9C14A518F7CC140043B738 /* Food */,
				CD9F21FD18F43F6C009C25C4 /* BaseVC.h */,
				CD9F21FE18F43F6C009C25C4 /* BaseVC.m */,
				CD9F220018F43F81009C25C4 /* HomeVC.h */,
				CD9F220118F43F81009C25C4 /* HomeVC.m */,
				CD9F220218F43F81009C25C4 /* HomeVC.xib */,
			);
			name = Controller;
			sourceTree = "<group>";
		};
		CD6369A118EEA69500BA5D99 /* View */ = {
			isa = PBXGroup;
			children = (
				CD3D9BCC19187FEC00DDF332 /* FoodCell.m */,
				CD3D9BCD19187FEC00DDF332 /* FoodCell.h */,
				CD3D9BCB19187FEC00DDF332 /* FoodCell.xib */,
				CDED974A18FBB2F800E74A0B /* FoodShopsCell.h */,
				CDED974B18FBB2F800E74A0B /* FoodShopsCell.m */,
				CDED974C18FBB2F800E74A0B /* FoodShopsCell.xib */,
				CDB3E9D21900C35000663C03 /* SegmentedControl.h */,
				CDB3E9D31900C35000663C03 /* SegmentedControl.m */,
				CDC4DF2C18FE2FF90025615A /* AlertView.h */,
				CDC4DF2D18FE2FF90025615A /* AlertView.m */,
				CDD6FE87190F9C0500BDF78A /* SalesPromotionCell.h */,
				CDD6FE88190F9C0500BDF78A /* SalesPromotionCell.m */,
				CDD6FE89190F9C0500BDF78A /* SalesPromotionCell.xib */,
				CD1AF40E191A1B09002A0093 /* TabBar.h */,
				CD1AF40F191A1B09002A0093 /* TabBar.m */,
				CD1AF411191A1B23002A0093 /* TabBar.xib */,
			);
			name = View;
			sourceTree = "<group>";
		};
		CD71790B18FE159100B0F400 /* User */ = {
			isa = PBXGroup;
			children = (
				CD71790C18FE15AD00B0F400 /* UserLoginVC.h */,
				CD71790D18FE15AD00B0F400 /* UserLoginVC.m */,
				CD71790E18FE15AD00B0F400 /* UserLoginVC.xib */,
				CD71791118FE15CA00B0F400 /* UserRegisterVC.h */,
				CD71791218FE15CA00B0F400 /* UserRegisterVC.m */,
				CD71791318FE15CA00B0F400 /* UserRegisterVC.xib */,
				CD71791B18FE16AF00B0F400 /* UserResetPasswordVC.h */,
				CD71791C18FE16AF00B0F400 /* UserResetPasswordVC.m */,
				CD71791D18FE16AF00B0F400 /* UserResetPasswordVC.xib */,
				CD71791618FE168800B0F400 /* UserCenterVC.h */,
				CD71791718FE168800B0F400 /* UserCenterVC.m */,
				CD71791818FE168800B0F400 /* UserCenterVC.xib */,
			);
			name = User;
			sourceTree = "<group>";
		};
		CD9238FA18F593A4007E99C4 /* WebService */ = {
			isa = PBXGroup;
			children = (
				CD2C6BE018F6C92A0004ABD5 /* SOAPClient.h */,
				CD2C6BE118F6C92A0004ABD5 /* SOAPClient.m */,
				CD35AE9F18FAA0DC002E1882 /* WSGroupService.h */,
				CD35AEA018FAA0DC002E1882 /* WSGroupService.m */,
				CDA154921911C8E500DF0733 /* WSServiceItemService.h */,
				CDA154931911C8E500DF0733 /* WSServiceItemService.m */,
				CDECA6AF190E96A6001A5B3A /* ServiceClassService.h */,
				CDECA6B0190E96A6001A5B3A /* ServiceClassService.m */,
				CD1AF4081919DA6B002A0093 /* WSOrderService.h */,
				CD1AF4091919DA6B002A0093 /* WSOrderService.m */,
				CD1AF40B1919E3E0002A0093 /* WSUserService.h */,
				CD1AF40C1919E3E0002A0093 /* WSUserService.m */,
			);
			name = WebService;
			sourceTree = "<group>";
		};
		CD9C14A118F7B44D0043B738 /* External */ = {
			isa = PBXGroup;
			children = (
				CDDBB3A91918C501002E6C67 /* SVPullToRefresh */,
				CD3D9BC719187B8400DDF332 /* EDStarRating */,
				CD3D9B9B19187B7400DDF332 /* SDWebImage */,
				CD9F3656190003A800762332 /* TPKeyboardAvoiding */,
				CDC4DF3518FE694E0025615A /* HUD */,
				CDE5F80718F3E4B200335B45 /* JSONModel */,
			);
			name = External;
			sourceTree = "<group>";
		};
		CD9C14A518F7CC140043B738 /* Food */ = {
			isa = PBXGroup;
			children = (
				CD9C14A918F7CC6F0043B738 /* FoodShopsListVC.h */,
				CD9C14AA18F7CC6F0043B738 /* FoodShopsListVC.m */,
				CD9C14AB18F7CC6F0043B738 /* FoodShopsListVC.xib */,
				CDD6FE77190F6AD600BDF78A /* FoodShopDetailVC.h */,
				CDD6FE78190F6AD600BDF78A /* FoodShopDetailVC.m */,
				CDD6FE79190F6AD600BDF78A /* FoodShopDetailVC.xib */,
				CDB331CC1911DF3F009CCF5B /* FoodDetailVC.h */,
				CDB331CD1911DF3F009CCF5B /* FoodDetailVC.m */,
				CDB331CE1911DF3F009CCF5B /* FoodDetailVC.xib */,
				CD1AF3AE1919C5CA002A0093 /* FoodOrderVC.h */,
				CD1AF3AF1919C5CA002A0093 /* FoodOrderVC.m */,
				CD1AF3B01919C5CA002A0093 /* FoodOrderVC.xib */,
			);
			name = Food;
			sourceTree = "<group>";
		};
		CD9F3656190003A800762332 /* TPKeyboardAvoiding */ = {
			isa = PBXGroup;
			children = (
				CD9F3657190003A800762332 /* TPKeyboardAvoidingCollectionView.h */,
				CD9F3658190003A800762332 /* TPKeyboardAvoidingCollectionView.m */,
				CD9F3659190003A800762332 /* TPKeyboardAvoidingScrollView.h */,
				CD9F365A190003A800762332 /* TPKeyboardAvoidingScrollView.m */,
				CD9F365B190003A800762332 /* TPKeyboardAvoidingTableView.h */,
				CD9F365C190003A800762332 /* TPKeyboardAvoidingTableView.m */,
				CD9F365D190003A800762332 /* UIScrollView+TPKeyboardAvoidingAdditions.h */,
				CD9F365E190003A800762332 /* UIScrollView+TPKeyboardAvoidingAdditions.m */,
			);
			path = TPKeyboardAvoiding;
			sourceTree = "<group>";
		};
		CDAD9B1F190A45FB00086996 /* Helper */ = {
			isa = PBXGroup;
			children = (
				CD4550AE1911311900224E77 /* LHLocationManager.h */,
				CD4550AF1911311900224E77 /* LHLocationManager.m */,
				CDAD9B23190A462800086996 /* UIColor+RGB.h */,
				CDAD9B24190A462800086996 /* UIColor+RGB.m */,
				CDD6FE84190F953C00BDF78A /* UIScrollView+ContentSize.h */,
				CDD6FE85190F953C00BDF78A /* UIScrollView+ContentSize.m */,
				CDDBB3B11918CE23002E6C67 /* UIView+ContentSize.h */,
				CDDBB3B21918CE23002E6C67 /* UIView+ContentSize.m */,
			);
			name = Helper;
			sourceTree = "<group>";
		};
		CDB021AB18ED9F30003B5A10 = {
			isa = PBXGroup;
			children = (
				CDB021BD18ED9F30003B5A10 /* ZHG */,
				CDB021CF18ED9F30003B5A10 /* Images.xcassets */,
				CDB021DC18ED9F30003B5A10 /* ZHGTests */,
				CDB021B618ED9F30003B5A10 /* Frameworks */,
				CDB021B518ED9F30003B5A10 /* Products */,
			);
			sourceTree = "<group>";
		};
		CDB021B518ED9F30003B5A10 /* Products */ = {
			isa = PBXGroup;
			children = (
				CDB021B418ED9F30003B5A10 /* TEST.app */,
				CDB021D518ED9F30003B5A10 /* ZHGTests.xctest */,
			);
			name = Products;
			sourceTree = "<group>";
		};
		CDB021B618ED9F30003B5A10 /* Frameworks */ = {
			isa = PBXGroup;
			children = (
				CD4550B1191131BC00224E77 /* CoreLocation.framework */,
				CDA0909B1909004100361ECC /* Reveal.framework */,
				CDE5F80518F3E28B00335B45 /* SystemConfiguration.framework */,
				CDB021B718ED9F30003B5A10 /* Foundation.framework */,
				CDB021B918ED9F30003B5A10 /* CoreGraphics.framework */,
				CDB021BB18ED9F30003B5A10 /* UIKit.framework */,
				CDB021D618ED9F30003B5A10 /* XCTest.framework */,
			);
			name = Frameworks;
			sourceTree = "<group>";
		};
		CDB021BD18ED9F30003B5A10 /* ZHG */ = {
			isa = PBXGroup;
			children = (
				CD1AF413191A284B002A0093 /* res */,
				CD6369A118EEA69500BA5D99 /* View */,
				CD6369A018EEA68A00BA5D99 /* Controller */,
				CD63699F18EEA68000BA5D99 /* Model */,
				CD9238FA18F593A4007E99C4 /* WebService */,
				CD9C14A118F7B44D0043B738 /* External */,
				CDAD9B1F190A45FB00086996 /* Helper */,
				CDB021BE18ED9F30003B5A10 /* Supporting Files */,
			);
			path = ZHG;
			sourceTree = "<group>";
		};
		CDB021BE18ED9F30003B5A10 /* Supporting Files */ = {
			isa = PBXGroup;
			children = (
				CDB021C618ED9F30003B5A10 /* AppDelegate.h */,
				CDB021C718ED9F30003B5A10 /* AppDelegate.m */,
				CDB021BF18ED9F30003B5A10 /* ZHG-Info.plist */,
				CDB021C018ED9F30003B5A10 /* InfoPlist.strings */,
				CDB021C318ED9F30003B5A10 /* main.m */,
				CDB021C518ED9F30003B5A10 /* ZHG-Prefix.pch */,
			);
			name = "Supporting Files";
			sourceTree = "<group>";
		};
		CDB021DC18ED9F30003B5A10 /* ZHGTests */ = {
			isa = PBXGroup;
			children = (
				CDB021E218ED9F30003B5A10 /* ZHGTests.m */,
				CDB021DD18ED9F30003B5A10 /* Supporting Files */,
			);
			path = ZHGTests;
			sourceTree = "<group>";
		};
		CDB021DD18ED9F30003B5A10 /* Supporting Files */ = {
			isa = PBXGroup;
			children = (
				CDB021DE18ED9F30003B5A10 /* ZHGTests-Info.plist */,
				CDB021DF18ED9F30003B5A10 /* InfoPlist.strings */,
			);
			name = "Supporting Files";
			sourceTree = "<group>";
		};
		CDC4DF3518FE694E0025615A /* HUD */ = {
			isa = PBXGroup;
			children = (
				CDC4DF3218FE69410025615A /* MBProgressHUD.h */,
				CDC4DF3318FE69410025615A /* MBProgressHUD.m */,
				CDC4DF3618FE69DB0025615A /* HUD.h */,
				CDC4DF3718FE69DB0025615A /* HUD.m */,
			);
			name = HUD;
			sourceTree = "<group>";
		};
		CDDBB3A91918C501002E6C67 /* SVPullToRefresh */ = {
			isa = PBXGroup;
			children = (
				CDDBB3AA1918C501002E6C67 /* SVPullToRefresh.h */,
				CDDBB3AB1918C501002E6C67 /* UIScrollView+SVInfiniteScrolling.h */,
				CDDBB3AC1918C501002E6C67 /* UIScrollView+SVInfiniteScrolling.m */,
				CDDBB3AD1918C501002E6C67 /* UIScrollView+SVPullToRefresh.h */,
				CDDBB3AE1918C501002E6C67 /* UIScrollView+SVPullToRefresh.m */,
			);
			path = SVPullToRefresh;
			sourceTree = "<group>";
		};
		CDE5F80718F3E4B200335B45 /* JSONModel */ = {
			isa = PBXGroup;
			children = (
				CDE5F81618F3E4B200335B45 /* JSONModelLib.h */,
				CDE5F80818F3E4B200335B45 /* JSONModel */,
				CDE5F81318F3E4B200335B45 /* JSONModelCategories */,
				CDE5F81718F3E4B200335B45 /* JSONModelNetworking */,
				CDE5F81E18F3E4B200335B45 /* JSONModelTransformations */,
			);
			path = JSONModel;
			sourceTree = "<group>";
		};
		CDE5F80818F3E4B200335B45 /* JSONModel */ = {
			isa = PBXGroup;
			children = (
				CDE5F80918F3E4B200335B45 /* JSONModel+CoreData.h */,
				CDE5F80A18F3E4B200335B45 /* JSONModel+CoreData.m */,
				CDE5F80B18F3E4B200335B45 /* JSONModel.h */,
				CDE5F80C18F3E4B200335B45 /* JSONModel.m */,
				CDE5F80D18F3E4B200335B45 /* JSONModelArray.h */,
				CDE5F80E18F3E4B200335B45 /* JSONModelArray.m */,
				CDE5F80F18F3E4B200335B45 /* JSONModelClassProperty.h */,
				CDE5F81018F3E4B200335B45 /* JSONModelClassProperty.m */,
				CDE5F81118F3E4B200335B45 /* JSONModelError.h */,
				CDE5F81218F3E4B200335B45 /* JSONModelError.m */,
			);
			path = JSONModel;
			sourceTree = "<group>";
		};
		CDE5F81318F3E4B200335B45 /* JSONModelCategories */ = {
			isa = PBXGroup;
			children = (
				CDE5F81418F3E4B200335B45 /* NSArray+JSONModel.h */,
				CDE5F81518F3E4B200335B45 /* NSArray+JSONModel.m */,
			);
			path = JSONModelCategories;
			sourceTree = "<group>";
		};
		CDE5F81718F3E4B200335B45 /* JSONModelNetworking */ = {
			isa = PBXGroup;
			children = (
				CDE5F81818F3E4B200335B45 /* JSONAPI.h */,
				CDE5F81918F3E4B200335B45 /* JSONAPI.m */,
				CDE5F81A18F3E4B200335B45 /* JSONHTTPClient.h */,
				CDE5F81B18F3E4B200335B45 /* JSONHTTPClient.m */,
				CDE5F81C18F3E4B200335B45 /* JSONModel+networking.h */,
				CDE5F81D18F3E4B200335B45 /* JSONModel+networking.m */,
			);
			path = JSONModelNetworking;
			sourceTree = "<group>";
		};
		CDE5F81E18F3E4B200335B45 /* JSONModelTransformations */ = {
			isa = PBXGroup;
			children = (
				CDE5F81F18F3E4B200335B45 /* JSONKeyMapper.h */,
				CDE5F82018F3E4B200335B45 /* JSONKeyMapper.m */,
				CDE5F82118F3E4B200335B45 /* JSONValueTransformer.h */,
				CDE5F82218F3E4B200335B45 /* JSONValueTransformer.m */,
			);
			path = JSONModelTransformations;
			sourceTree = "<group>";
		};
/* End PBXGroup section */

/* Begin PBXNativeTarget section */
		CDB021B318ED9F30003B5A10 /* ZHG */ = {
			isa = PBXNativeTarget;
			buildConfigurationList = CDB021E618ED9F30003B5A10 /* Build configuration list for PBXNativeTarget "ZHG" */;
			buildPhases = (
				CDB021B018ED9F30003B5A10 /* Sources */,
				CDB021B118ED9F30003B5A10 /* Frameworks */,
				CDB021B218ED9F30003B5A10 /* Resources */,
			);
			buildRules = (
			);
			dependencies = (
			);
			name = ZHG;
			productName = ZHG;
			productReference = CDB021B418ED9F30003B5A10 /* TEST.app */;
			productType = "com.apple.product-type.application";
		};
		CDB021D418ED9F30003B5A10 /* ZHGTests */ = {
			isa = PBXNativeTarget;
			buildConfigurationList = CDB021E918ED9F30003B5A10 /* Build configuration list for PBXNativeTarget "ZHGTests" */;
			buildPhases = (
				CDB021D118ED9F30003B5A10 /* Sources */,
				CDB021D218ED9F30003B5A10 /* Frameworks */,
				CDB021D318ED9F30003B5A10 /* Resources */,
			);
			buildRules = (
			);
			dependencies = (
				CDB021DB18ED9F30003B5A10 /* PBXTargetDependency */,
			);
			name = ZHGTests;
			productName = ZHGTests;
			productReference = CDB021D518ED9F30003B5A10 /* ZHGTests.xctest */;
			productType = "com.apple.product-type.bundle.unit-test";
		};
/* End PBXNativeTarget section */

/* Begin PBXProject section */
		CDB021AC18ED9F30003B5A10 /* Project object */ = {
			isa = PBXProject;
			attributes = {
				LastUpgradeCheck = 0510;
				ORGANIZATIONNAME = "LiHong(410139419@qq.com)";
				TargetAttributes = {
					CDB021D418ED9F30003B5A10 = {
						TestTargetID = CDB021B318ED9F30003B5A10;
					};
				};
			};
			buildConfigurationList = CDB021AF18ED9F30003B5A10 /* Build configuration list for PBXProject "ZHG" */;
			compatibilityVersion = "Xcode 3.2";
			developmentRegion = English;
			hasScannedForEncodings = 0;
			knownRegions = (
				en,
				Base,
				"zh-Hans",
			);
			mainGroup = CDB021AB18ED9F30003B5A10;
			productRefGroup = CDB021B518ED9F30003B5A10 /* Products */;
			projectDirPath = "";
			projectRoot = "";
			targets = (
				CDB021B318ED9F30003B5A10 /* ZHG */,
				CDB021D418ED9F30003B5A10 /* ZHGTests */,
			);
		};
/* End PBXProject section */

/* Begin PBXResourcesBuildPhase section */
		CDB021B218ED9F30003B5A10 /* Resources */ = {
			isa = PBXResourcesBuildPhase;
			buildActionMask = 2147483647;
			files = (
				CDD6FE83190F716F00BDF78A /* ad3.jpg in Resources */,
				CDD6FE81190F716F00BDF78A /* ad1.jpg in Resources */,
				CDD6FE82190F716F00BDF78A /* ad2.jpg in Resources */,
				CD71791518FE15CA00B0F400 /* UserRegisterVC.xib in Resources */,
				CDD6FE8D190F9F6500BDF78A /* cell_icon.jpg in Resources */,
				CDD6FE80190F716F00BDF78A /* ad0.jpg in Resources */,
				CDD6FE8B190F9C0500BDF78A /* SalesPromotionCell.xib in Resources */,
				CDB021D018ED9F30003B5A10 /* Images.xcassets in Resources */,
				CD71791A18FE168800B0F400 /* UserCenterVC.xib in Resources */,
				CD1AF3B21919C5CA002A0093 /* FoodOrderVC.xib in Resources */,
				CD1AF412191A1B23002A0093 /* TabBar.xib in Resources */,
				CDED974E18FBB2F800E74A0B /* FoodShopsCell.xib in Resources */,
				CD9F220418F43F81009C25C4 /* HomeVC.xib in Resources */,
				CDD6FE8F190F9FAA00BDF78A /* cell_icon2.jpg in Resources */,
				CD71791F18FE16AF00B0F400 /* UserResetPasswordVC.xib in Resources */,
				CDB331D01911DF3F009CCF5B /* FoodDetailVC.xib in Resources */,
				CD9C14AD18F7CC6F0043B738 /* FoodShopsListVC.xib in Resources */,
				CDD6FE7B190F6AD600BDF78A /* FoodShopDetailVC.xib in Resources */,
				CDB021C218ED9F30003B5A10 /* InfoPlist.strings in Resources */,
				CD3D9BCE19187FEC00DDF332 /* FoodCell.xib in Resources */,
				CD71791018FE15AD00B0F400 /* UserLoginVC.xib in Resources */,
			);
			runOnlyForDeploymentPostprocessing = 0;
		};
		CDB021D318ED9F30003B5A10 /* Resources */ = {
			isa = PBXResourcesBuildPhase;
			buildActionMask = 2147483647;
			files = (
				CDB021E118ED9F30003B5A10 /* InfoPlist.strings in Resources */,
			);
			runOnlyForDeploymentPostprocessing = 0;
		};
/* End PBXResourcesBuildPhase section */

/* Begin PBXSourcesBuildPhase section */
		CDB021B018ED9F30003B5A10 /* Sources */ = {
			isa = PBXSourcesBuildPhase;
			buildActionMask = 2147483647;
			files = (
				CD3D9BBD19187B7400DDF332 /* SDWebImageDecoder.m in Sources */,
				CD3D9BC119187B7400DDF332 /* SDWebImagePrefetcher.m in Sources */,
				CD9F220A18F44609009C25C4 /* MUser.m in Sources */,
				CDC4DF2E18FE2FF90025615A /* AlertView.m in Sources */,
				CDE5F82718F3E4B200335B45 /* JSONModelError.m in Sources */,
				CD9F3662190003A800762332 /* UIScrollView+TPKeyboardAvoidingAdditions.m in Sources */,
				CD1AF416191A28A3002A0093 /* FoodOrder.m in Sources */,
				CDE5F82818F3E4B200335B45 /* NSArray+JSONModel.m in Sources */,
				CD3D9BC519187B7400DDF332 /* UIImage+WebP.m in Sources */,
				CD2C6BE218F6C92A0004ABD5 /* SOAPClient.m in Sources */,
				CDDBB3B31918CE23002E6C67 /* UIView+ContentSize.m in Sources */,
				CDE5F82618F3E4B200335B45 /* JSONModelClassProperty.m in Sources */,
				CDAD9B25190A462800086996 /* UIColor+RGB.m in Sources */,
				CD9F220318F43F81009C25C4 /* HomeVC.m in Sources */,
				CDDBB3AF1918C501002E6C67 /* UIScrollView+SVInfiniteScrolling.m in Sources */,
				CDE5F82318F3E4B200335B45 /* JSONModel+CoreData.m in Sources */,
				CD3D9BCF19187FEC00DDF332 /* FoodCell.m in Sources */,
				CDC4DF3418FE69410025615A /* MBProgressHUD.m in Sources */,
				CD3D9BC019187B7400DDF332 /* SDWebImageManager.m in Sources */,
				CD3D9BBA19187B7400DDF332 /* NSData+ImageContentType.m in Sources */,
				CD1AF3B11919C5CA002A0093 /* FoodOrderVC.m in Sources */,
				CD9F3660190003A800762332 /* TPKeyboardAvoidingScrollView.m in Sources */,
				CDE5F82C18F3E4B200335B45 /* JSONKeyMapper.m in Sources */,
				CD944E371914810E00BAE409 /* ProductDetail.m in Sources */,
				CD944E3419147F0400BAE409 /* Product.m in Sources */,
				CD944E3A1914839900BAE409 /* ProductTemplate.m in Sources */,
				CDB331CF1911DF3F009CCF5B /* FoodDetailVC.m in Sources */,
				CD1AF40A1919DA6B002A0093 /* WSOrderService.m in Sources */,
				CD3D9BB919187B7400DDF332 /* MKAnnotationView+WebCache.m in Sources */,
				CDB021C818ED9F30003B5A10 /* AppDelegate.m in Sources */,
				CDD6FE8A190F9C0500BDF78A /* SalesPromotionCell.m in Sources */,
				CDE5F82518F3E4B200335B45 /* JSONModelArray.m in Sources */,
				CD9F21FF18F43F6C009C25C4 /* BaseVC.m in Sources */,
				CDC4DF3818FE69DB0025615A /* HUD.m in Sources */,
				CDE5F82B18F3E4B200335B45 /* JSONModel+networking.m in Sources */,
				CD35AEA118FAA0DC002E1882 /* WSGroupService.m in Sources */,
				CDED974D18FBB2F800E74A0B /* FoodShopsCell.m in Sources */,
				CD1AF410191A1B09002A0093 /* TabBar.m in Sources */,
				CDDBB3B01918C501002E6C67 /* UIScrollView+SVPullToRefresh.m in Sources */,
				CD3D9BC219187B7400DDF332 /* UIButton+WebCache.m in Sources */,
				CD3D9BBC19187B7400DDF332 /* SDWebImageCompat.m in Sources */,
				CD4550B01911311900224E77 /* LHLocationManager.m in Sources */,
				CDB021C418ED9F30003B5A10 /* main.m in Sources */,
				CD71790F18FE15AD00B0F400 /* UserLoginVC.m in Sources */,
				CDB3E9D41900C35000663C03 /* SegmentedControl.m in Sources */,
				CD71791918FE168800B0F400 /* UserCenterVC.m in Sources */,
				CD9C14AC18F7CC6F0043B738 /* FoodShopsListVC.m in Sources */,
				CD3D9BBE19187B7400DDF332 /* SDWebImageDownloader.m in Sources */,
				CD944E3D1914842100BAE409 /* ProductStyle.m in Sources */,
				CDA154941911C8E500DF0733 /* WSServiceItemService.m in Sources */,
				CD3D9BC319187B7400DDF332 /* UIImage+GIF.m in Sources */,
				CD944E3119147BD200BAE409 /* FoodShop.m in Sources */,
				CD3D9BCA19187B8400DDF332 /* EDStarRating.m in Sources */,
				CDE5F82918F3E4B200335B45 /* JSONAPI.m in Sources */,
				CDECA6B1190E96A6001A5B3A /* ServiceClassService.m in Sources */,
				CD3D9BBF19187B7400DDF332 /* SDWebImageDownloaderOperation.m in Sources */,
				CD71791418FE15CA00B0F400 /* UserRegisterVC.m in Sources */,
				CD3D9BC419187B7400DDF332 /* UIImage+MultiFormat.m in Sources */,
				CD71791E18FE16AF00B0F400 /* UserResetPasswordVC.m in Sources */,
				CD9F365F190003A800762332 /* TPKeyboardAvoidingCollectionView.m in Sources */,
				CD3D9BC619187B7400DDF332 /* UIImageView+WebCache.m in Sources */,
				CD1AF40D1919E3E0002A0093 /* WSUserService.m in Sources */,
				CDD6FE7A190F6AD600BDF78A /* FoodShopDetailVC.m in Sources */,
				CD9F220D18F44626009C25C4 /* MWSResponse.m in Sources */,
				CDE5F82D18F3E4B200335B45 /* JSONValueTransformer.m in Sources */,
				CD9F3661190003A800762332 /* TPKeyboardAvoidingTableView.m in Sources */,
				CDE5F82A18F3E4B200335B45 /* JSONHTTPClient.m in Sources */,
				CDD6FE86190F953C00BDF78A /* UIScrollView+ContentSize.m in Sources */,
				CDE5F82418F3E4B200335B45 /* JSONModel.m in Sources */,
				CD3D9BBB19187B7400DDF332 /* SDImageCache.m in Sources */,
			);
			runOnlyForDeploymentPostprocessing = 0;
		};
		CDB021D118ED9F30003B5A10 /* Sources */ = {
			isa = PBXSourcesBuildPhase;
			buildActionMask = 2147483647;
			files = (
				CDB021E318ED9F30003B5A10 /* ZHGTests.m in Sources */,
			);
			runOnlyForDeploymentPostprocessing = 0;
		};
/* End PBXSourcesBuildPhase section */

/* Begin PBXTargetDependency section */
		CDB021DB18ED9F30003B5A10 /* PBXTargetDependency */ = {
			isa = PBXTargetDependency;
			target = CDB021B318ED9F30003B5A10 /* ZHG */;
			targetProxy = CDB021DA18ED9F30003B5A10 /* PBXContainerItemProxy */;
		};
/* End PBXTargetDependency section */

/* Begin PBXVariantGroup section */
		CDB021C018ED9F30003B5A10 /* InfoPlist.strings */ = {
			isa = PBXVariantGroup;
			children = (
				CDB021C118ED9F30003B5A10 /* en */,
			);
			name = InfoPlist.strings;
			sourceTree = "<group>";
		};
		CDB021DF18ED9F30003B5A10 /* InfoPlist.strings */ = {
			isa = PBXVariantGroup;
			children = (
				CDB021E018ED9F30003B5A10 /* en */,
			);
			name = InfoPlist.strings;
			sourceTree = "<group>";
		};
/* End PBXVariantGroup section */

/* Begin XCBuildConfiguration section */
		CDB021E418ED9F30003B5A10 /* Debug */ = {
			isa = XCBuildConfiguration;
			buildSettings = {
				ALWAYS_SEARCH_USER_PATHS = NO;
				CLANG_CXX_LANGUAGE_STANDARD = "gnu++0x";
				CLANG_CXX_LIBRARY = "libc++";
				CLANG_ENABLE_MODULES = YES;
				CLANG_ENABLE_OBJC_ARC = YES;
				CLANG_WARN_BOOL_CONVERSION = YES;
				CLANG_WARN_CONSTANT_CONVERSION = YES;
				CLANG_WARN_DIRECT_OBJC_ISA_USAGE = YES_ERROR;
				CLANG_WARN_EMPTY_BODY = YES;
				CLANG_WARN_ENUM_CONVERSION = YES;
				CLANG_WARN_INT_CONVERSION = YES;
				CLANG_WARN_OBJC_ROOT_CLASS = YES_ERROR;
				CLANG_WARN__DUPLICATE_METHOD_MATCH = YES;
				"CODE_SIGN_IDENTITY[sdk=iphoneos*]" = "iPhone Developer";
				COPY_PHASE_STRIP = NO;
				GCC_C_LANGUAGE_STANDARD = gnu99;
				GCC_DYNAMIC_NO_PIC = NO;
				GCC_OPTIMIZATION_LEVEL = 0;
				GCC_PREPROCESSOR_DEFINITIONS = (
					"DEBUG=1",
					"$(inherited)",
				);
				GCC_SYMBOLS_PRIVATE_EXTERN = NO;
				GCC_WARN_64_TO_32_BIT_CONVERSION = YES;
				GCC_WARN_ABOUT_RETURN_TYPE = YES_ERROR;
				GCC_WARN_UNDECLARED_SELECTOR = YES;
				GCC_WARN_UNINITIALIZED_AUTOS = YES_AGGRESSIVE;
				GCC_WARN_UNUSED_FUNCTION = YES;
				GCC_WARN_UNUSED_VARIABLE = YES;
				IPHONEOS_DEPLOYMENT_TARGET = 7.1;
				ONLY_ACTIVE_ARCH = YES;
				SDKROOT = iphoneos;
			};
			name = Debug;
		};
		CDB021E518ED9F30003B5A10 /* Release */ = {
			isa = XCBuildConfiguration;
			buildSettings = {
				ALWAYS_SEARCH_USER_PATHS = NO;
				CLANG_CXX_LANGUAGE_STANDARD = "gnu++0x";
				CLANG_CXX_LIBRARY = "libc++";
				CLANG_ENABLE_MODULES = YES;
				CLANG_ENABLE_OBJC_ARC = YES;
				CLANG_WARN_BOOL_CONVERSION = YES;
				CLANG_WARN_CONSTANT_CONVERSION = YES;
				CLANG_WARN_DIRECT_OBJC_ISA_USAGE = YES_ERROR;
				CLANG_WARN_EMPTY_BODY = YES;
				CLANG_WARN_ENUM_CONVERSION = YES;
				CLANG_WARN_INT_CONVERSION = YES;
				CLANG_WARN_OBJC_ROOT_CLASS = YES_ERROR;
				CLANG_WARN__DUPLICATE_METHOD_MATCH = YES;
				"CODE_SIGN_IDENTITY[sdk=iphoneos*]" = "iPhone Developer";
				COPY_PHASE_STRIP = YES;
				ENABLE_NS_ASSERTIONS = NO;
				GCC_C_LANGUAGE_STANDARD = gnu99;
				GCC_WARN_64_TO_32_BIT_CONVERSION = YES;
				GCC_WARN_ABOUT_RETURN_TYPE = YES_ERROR;
				GCC_WARN_UNDECLARED_SELECTOR = YES;
				GCC_WARN_UNINITIALIZED_AUTOS = YES_AGGRESSIVE;
				GCC_WARN_UNUSED_FUNCTION = YES;
				GCC_WARN_UNUSED_VARIABLE = YES;
				IPHONEOS_DEPLOYMENT_TARGET = 7.1;
				SDKROOT = iphoneos;
				VALIDATE_PRODUCT = YES;
			};
			name = Release;
		};
		CDB021E718ED9F30003B5A10 /* Debug */ = {
			isa = XCBuildConfiguration;
			buildSettings = {
				ASSETCATALOG_COMPILER_APPICON_NAME = AppIcon;
				ASSETCATALOG_COMPILER_LAUNCHIMAGE_NAME = LaunchImage;
				FRAMEWORK_SEARCH_PATHS = (
					"$(inherited)",
					"$(PROJECT_DIR)",
					"$(PROJECT_DIR)/ZHG/umeng_ios_social_sdk_3.3.7_custom/UMSocial_Sdk_Extra_Frameworks/TencentOpenAPI",
				);
				GCC_PRECOMPILE_PREFIX_HEADER = YES;
				GCC_PREFIX_HEADER = "ZHG/ZHG-Prefix.pch";
				INFOPLIST_FILE = "ZHG/ZHG-Info.plist";
				IPHONEOS_DEPLOYMENT_TARGET = 6.0;
				LIBRARY_SEARCH_PATHS = (
					"$(inherited)",
					"$(PROJECT_DIR)/ZHG/umeng_ios_social_sdk_3.3.7_custom/UMSocial_Sdk_3.3.7",
					"$(PROJECT_DIR)/ZHG/umeng_ios_social_sdk_3.3.7_custom/UMSocial_Sdk_Extra_Frameworks/Instagram",
					"$(PROJECT_DIR)/ZHG/umeng_ios_social_sdk_3.3.7_custom/UMSocial_Sdk_Extra_Frameworks/TencentOpenAPI",
					"$(PROJECT_DIR)/ZHG/umeng_ios_social_sdk_3.3.7_custom/UMSocial_Sdk_Extra_Frameworks/Wechat",
				);
				OTHER_LDFLAGS = (
					"-ObjC",
					"-framework",
					Reveal,
				);
				PRODUCT_NAME = TEST;
				WRAPPER_EXTENSION = app;
			};
			name = Debug;
		};
		CDB021E818ED9F30003B5A10 /* Release */ = {
			isa = XCBuildConfiguration;
			buildSettings = {
				ASSETCATALOG_COMPILER_APPICON_NAME = AppIcon;
				ASSETCATALOG_COMPILER_LAUNCHIMAGE_NAME = LaunchImage;
				FRAMEWORK_SEARCH_PATHS = (
					"$(inherited)",
					"$(PROJECT_DIR)",
					"$(PROJECT_DIR)/ZHG/umeng_ios_social_sdk_3.3.7_custom/UMSocial_Sdk_Extra_Frameworks/TencentOpenAPI",
				);
				GCC_PRECOMPILE_PREFIX_HEADER = YES;
				GCC_PREFIX_HEADER = "ZHG/ZHG-Prefix.pch";
				INFOPLIST_FILE = "ZHG/ZHG-Info.plist";
				IPHONEOS_DEPLOYMENT_TARGET = 6.0;
				LIBRARY_SEARCH_PATHS = (
					"$(inherited)",
					"$(PROJECT_DIR)/ZHG/umeng_ios_social_sdk_3.3.7_custom/UMSocial_Sdk_3.3.7",
					"$(PROJECT_DIR)/ZHG/umeng_ios_social_sdk_3.3.7_custom/UMSocial_Sdk_Extra_Frameworks/Instagram",
					"$(PROJECT_DIR)/ZHG/umeng_ios_social_sdk_3.3.7_custom/UMSocial_Sdk_Extra_Frameworks/TencentOpenAPI",
					"$(PROJECT_DIR)/ZHG/umeng_ios_social_sdk_3.3.7_custom/UMSocial_Sdk_Extra_Frameworks/Wechat",
				);
				PRODUCT_NAME = TEST;
				WRAPPER_EXTENSION = app;
			};
			name = Release;
		};
		CDB021EA18ED9F30003B5A10 /* Debug */ = {
			isa = XCBuildConfiguration;
			buildSettings = {
				BUNDLE_LOADER = "$(BUILT_PRODUCTS_DIR)/ZHG.app/ZHG";
				FRAMEWORK_SEARCH_PATHS = (
					"$(SDKROOT)/Developer/Library/Frameworks",
					"$(inherited)",
					"$(DEVELOPER_FRAMEWORKS_DIR)",
				);
				GCC_PRECOMPILE_PREFIX_HEADER = YES;
				GCC_PREFIX_HEADER = "ZHG/ZHG-Prefix.pch";
				GCC_PREPROCESSOR_DEFINITIONS = (
					"DEBUG=1",
					"$(inherited)",
				);
				INFOPLIST_FILE = "ZHGTests/ZHGTests-Info.plist";
				PRODUCT_NAME = "$(TARGET_NAME)";
				TEST_HOST = "$(BUNDLE_LOADER)";
				WRAPPER_EXTENSION = xctest;
			};
			name = Debug;
		};
		CDB021EB18ED9F30003B5A10 /* Release */ = {
			isa = XCBuildConfiguration;
			buildSettings = {
				BUNDLE_LOADER = "$(BUILT_PRODUCTS_DIR)/ZHG.app/ZHG";
				FRAMEWORK_SEARCH_PATHS = (
					"$(SDKROOT)/Developer/Library/Frameworks",
					"$(inherited)",
					"$(DEVELOPER_FRAMEWORKS_DIR)",
				);
				GCC_PRECOMPILE_PREFIX_HEADER = YES;
				GCC_PREFIX_HEADER = "ZHG/ZHG-Prefix.pch";
				INFOPLIST_FILE = "ZHGTests/ZHGTests-Info.plist";
				PRODUCT_NAME = "$(TARGET_NAME)";
				TEST_HOST = "$(BUNDLE_LOADER)";
				WRAPPER_EXTENSION = xctest;
			};
			name = Release;
		};
/* End XCBuildConfiguration section */

/* Begin XCConfigurationList section */
		CDB021AF18ED9F30003B5A10 /* Build configuration list for PBXProject "ZHG" */ = {
			isa = XCConfigurationList;
			buildConfigurations = (
				CDB021E418ED9F30003B5A10 /* Debug */,
				CDB021E518ED9F30003B5A10 /* Release */,
			);
			defaultConfigurationIsVisible = 0;
			defaultConfigurationName = Release;
		};
		CDB021E618ED9F30003B5A10 /* Build configuration list for PBXNativeTarget "ZHG" */ = {
			isa = XCConfigurationList;
			buildConfigurations = (
				CDB021E718ED9F30003B5A10 /* Debug */,
				CDB021E818ED9F30003B5A10 /* Release */,
			);
			defaultConfigurationIsVisible = 0;
			defaultConfigurationName = Release;
		};
		CDB021E918ED9F30003B5A10 /* Build configuration list for PBXNativeTarget "ZHGTests" */ = {
			isa = XCConfigurationList;
			buildConfigurations = (
				CDB021EA18ED9F30003B5A10 /* Debug */,
				CDB021EB18ED9F30003B5A10 /* Release */,
			);
			defaultConfigurationIsVisible = 0;
			defaultConfigurationName = Release;
		};
/* End XCConfigurationList section */
	};
	rootObject = CDB021AC18ED9F30003B5A10 /* Project object */;
}
